// !$*UTF8*$!
{
	archiveVersion = 1;
	classes = {
	};
	objectVersion = 51;
	objects = {

/* Begin PBXBuildFile section */
		A29453D76D0A3C8C318D9CA5 /* Pods_ShreyanshProjectTests.framework in Frameworks */ = {isa = PBXBuildFile; fileRef = E3C3E2CC0FA22A42F703538D /* Pods_ShreyanshProjectTests.framework */; };
		E105ECE4242A0922001E0D02 /* CountryAndLanguageViewController.swift in Sources */ = {isa = PBXBuildFile; fileRef = E105ECE3242A0922001E0D02 /* CountryAndLanguageViewController.swift */; };
		E105ECEC242A09EB001E0D02 /* LanguageListTableViewCell.swift in Sources */ = {isa = PBXBuildFile; fileRef = E105ECEA242A09EB001E0D02 /* LanguageListTableViewCell.swift */; };
		E105ECED242A09EB001E0D02 /* LanguageListTableViewCell.xib in Resources */ = {isa = PBXBuildFile; fileRef = E105ECEB242A09EB001E0D02 /* LanguageListTableViewCell.xib */; };
		E105ECF0242A138C001E0D02 /* CountryListTableViewCell.swift in Sources */ = {isa = PBXBuildFile; fileRef = E105ECEE242A138C001E0D02 /* CountryListTableViewCell.swift */; };
		E105ECF1242A138C001E0D02 /* CountryListTableViewCell.xib in Resources */ = {isa = PBXBuildFile; fileRef = E105ECEF242A138C001E0D02 /* CountryListTableViewCell.xib */; };
		E1291D59242548A6006112E6 /* LoginAndRegistrationViewController.swift in Sources */ = {isa = PBXBuildFile; fileRef = E1291D58242548A6006112E6 /* LoginAndRegistrationViewController.swift */; };
		E12A8261248239250005F003 /* GoogleService-Info.plist in Resources */ = {isa = PBXBuildFile; fileRef = E12A8260248239250005F003 /* GoogleService-Info.plist */; };
		E12A8264248284100005F003 /* FavouriteTableViewCell.swift in Sources */ = {isa = PBXBuildFile; fileRef = E12A8262248284100005F003 /* FavouriteTableViewCell.swift */; };
		E12A8265248284100005F003 /* FavouriteTableViewCell.xib in Resources */ = {isa = PBXBuildFile; fileRef = E12A8263248284100005F003 /* FavouriteTableViewCell.xib */; };
		E12AB9C62436435F002F5DA1 /* AccountModule.swift in Sources */ = {isa = PBXBuildFile; fileRef = E12AB9C52436435F002F5DA1 /* AccountModule.swift */; };
		E12CACDD247D78E300B7A32D /* ForgetViewController.swift in Sources */ = {isa = PBXBuildFile; fileRef = E12CACDC247D78E300B7A32D /* ForgetViewController.swift */; };
		E12CACDF247D79CE00B7A32D /* LoginViewController.swift in Sources */ = {isa = PBXBuildFile; fileRef = E12CACDE247D79CE00B7A32D /* LoginViewController.swift */; };
		E12CACE1247D79E700B7A32D /* RegisterViewController.swift in Sources */ = {isa = PBXBuildFile; fileRef = E12CACE0247D79E700B7A32D /* RegisterViewController.swift */; };
		E12CACE3247E854B00B7A32D /* LoginModel.swift in Sources */ = {isa = PBXBuildFile; fileRef = E12CACE2247E854B00B7A32D /* LoginModel.swift */; };
		E12FEC7A2481254D00F97E8A /* ResetViewController.swift in Sources */ = {isa = PBXBuildFile; fileRef = E12FEC792481254D00F97E8A /* ResetViewController.swift */; };
		E15325AE2424ABBF004756DC /* AppDelegate.swift in Sources */ = {isa = PBXBuildFile; fileRef = E15325AD2424ABBF004756DC /* AppDelegate.swift */; };
		E15325B02424ABBF004756DC /* SceneDelegate.swift in Sources */ = {isa = PBXBuildFile; fileRef = E15325AF2424ABBF004756DC /* SceneDelegate.swift */; };
		E15325B22424ABBF004756DC /* ViewController.swift in Sources */ = {isa = PBXBuildFile; fileRef = E15325B12424ABBF004756DC /* ViewController.swift */; };
		E15325B52424ABBF004756DC /* Main.storyboard in Resources */ = {isa = PBXBuildFile; fileRef = E15325B32424ABBF004756DC /* Main.storyboard */; };
		E15325B72424ABC1004756DC /* Assets.xcassets in Resources */ = {isa = PBXBuildFile; fileRef = E15325B62424ABC1004756DC /* Assets.xcassets */; };
		E15325BA2424ABC1004756DC /* LaunchScreen.storyboard in Resources */ = {isa = PBXBuildFile; fileRef = E15325B82424ABC1004756DC /* LaunchScreen.storyboard */; };
		E15325C52424ABC1004756DC /* ShreyanshProjectTests.swift in Sources */ = {isa = PBXBuildFile; fileRef = E15325C42424ABC1004756DC /* ShreyanshProjectTests.swift */; };
		E15325D02424ABC1004756DC /* ShreyanshProjectUITests.swift in Sources */ = {isa = PBXBuildFile; fileRef = E15325CF2424ABC1004756DC /* ShreyanshProjectUITests.swift */; };
		E17EDB6B24274AAC00310BC0 /* CountryTableViewCell.swift in Sources */ = {isa = PBXBuildFile; fileRef = E17EDB6924274AAC00310BC0 /* CountryTableViewCell.swift */; };
		E17EDB6C24274AAC00310BC0 /* CountryTableViewCell.xib in Resources */ = {isa = PBXBuildFile; fileRef = E17EDB6A24274AAC00310BC0 /* CountryTableViewCell.xib */; };
		E17EDB6F24274C8E00310BC0 /* LanguageTableViewCell.swift in Sources */ = {isa = PBXBuildFile; fileRef = E17EDB6D24274C8E00310BC0 /* LanguageTableViewCell.swift */; };
		E17EDB7024274C8E00310BC0 /* LanguageTableViewCell.xib in Resources */ = {isa = PBXBuildFile; fileRef = E17EDB6E24274C8E00310BC0 /* LanguageTableViewCell.xib */; };
		E19640062424B0C7009F50C3 /* HomeViewController.swift in Sources */ = {isa = PBXBuildFile; fileRef = E19640052424B0C7009F50C3 /* HomeViewController.swift */; };
		E19640082424B0D3009F50C3 /* AccountViewController.swift in Sources */ = {isa = PBXBuildFile; fileRef = E19640072424B0D3009F50C3 /* AccountViewController.swift */; };
		E196400A2424B0E5009F50C3 /* FavouriteViewController.swift in Sources */ = {isa = PBXBuildFile; fileRef = E19640092424B0E5009F50C3 /* FavouriteViewController.swift */; };
		E196400C2424B0F3009F50C3 /* ChatViewController.swift in Sources */ = {isa = PBXBuildFile; fileRef = E196400B2424B0F3009F50C3 /* ChatViewController.swift */; };
		E196400E2424B104009F50C3 /* EmployeesViewController.swift in Sources */ = {isa = PBXBuildFile; fileRef = E196400D2424B104009F50C3 /* EmployeesViewController.swift */; };
		E19640112424B1A2009F50C3 /* MainTabBarController.swift in Sources */ = {isa = PBXBuildFile; fileRef = E19640102424B1A2009F50C3 /* MainTabBarController.swift */; };
		E19640142424E7BF009F50C3 /* AccountTableViewCell.swift in Sources */ = {isa = PBXBuildFile; fileRef = E19640122424E7BF009F50C3 /* AccountTableViewCell.swift */; };
		E19640152424E7BF009F50C3 /* AccountTableViewCell.xib in Resources */ = {isa = PBXBuildFile; fileRef = E19640132424E7BF009F50C3 /* AccountTableViewCell.xib */; };
		E1C840A6247273AC0029DB7A /* MapViewController.swift in Sources */ = {isa = PBXBuildFile; fileRef = E1C840A5247273AC0029DB7A /* MapViewController.swift */; };
		E1C840A924729BDE0029DB7A /* ListedEmployeesViewController.swift in Sources */ = {isa = PBXBuildFile; fileRef = E1C840A824729BDE0029DB7A /* ListedEmployeesViewController.swift */; };
		E1C840AB24729BFB0029DB7A /* DetailsEmployeesViewController.swift in Sources */ = {isa = PBXBuildFile; fileRef = E1C840AA24729BFB0029DB7A /* DetailsEmployeesViewController.swift */; };
		E1C840AD2472AFD80029DB7A /* EmployeesModule.swift in Sources */ = {isa = PBXBuildFile; fileRef = E1C840AC2472AFD80029DB7A /* EmployeesModule.swift */; };
		E1C840B12473B95C0029DB7A /* ListedTableViewCell.swift in Sources */ = {isa = PBXBuildFile; fileRef = E1C840AF2473B95C0029DB7A /* ListedTableViewCell.swift */; };
		E1C840B22473B95C0029DB7A /* ListedTableViewCell.xib in Resources */ = {isa = PBXBuildFile; fileRef = E1C840B02473B95C0029DB7A /* ListedTableViewCell.xib */; };
		E1C840B52473C1D40029DB7A /* DetailsTableViewCell.swift in Sources */ = {isa = PBXBuildFile; fileRef = E1C840B32473C1D40029DB7A /* DetailsTableViewCell.swift */; };
		E1C840B62473C1D40029DB7A /* DetailsTableViewCell.xib in Resources */ = {isa = PBXBuildFile; fileRef = E1C840B42473C1D40029DB7A /* DetailsTableViewCell.xib */; };
		E1CA9174247508830005D2FF /* SliderCollectionViewCell.swift in Sources */ = {isa = PBXBuildFile; fileRef = E1CA9172247508830005D2FF /* SliderCollectionViewCell.swift */; };
		E1CA9175247508830005D2FF /* SliderCollectionViewCell.xib in Resources */ = {isa = PBXBuildFile; fileRef = E1CA9173247508830005D2FF /* SliderCollectionViewCell.xib */; };
		E1CA917A247559390005D2FF /* HomeModule.swift in Sources */ = {isa = PBXBuildFile; fileRef = E1CA9179247559390005D2FF /* HomeModule.swift */; };
		E1CA917F247670510005D2FF /* HomeTableViewCell.swift in Sources */ = {isa = PBXBuildFile; fileRef = E1CA917D247670510005D2FF /* HomeTableViewCell.swift */; };
		E1CA9180247670510005D2FF /* HomeTableViewCell.xib in Resources */ = {isa = PBXBuildFile; fileRef = E1CA917E247670510005D2FF /* HomeTableViewCell.xib */; };
		E1CA918324769D7F0005D2FF /* HomeCollectionViewCell.swift in Sources */ = {isa = PBXBuildFile; fileRef = E1CA918124769D7F0005D2FF /* HomeCollectionViewCell.swift */; };
		E1CA918424769D7F0005D2FF /* HomeCollectionViewCell.xib in Resources */ = {isa = PBXBuildFile; fileRef = E1CA918224769D7F0005D2FF /* HomeCollectionViewCell.xib */; };
		E1CA918B2476B8530005D2FF /* ImagesSliderTableViewCell.swift in Sources */ = {isa = PBXBuildFile; fileRef = E1CA91892476B8530005D2FF /* ImagesSliderTableViewCell.swift */; };
		E1CA918C2476B8530005D2FF /* ImagesSliderTableViewCell.xib in Resources */ = {isa = PBXBuildFile; fileRef = E1CA918A2476B8530005D2FF /* ImagesSliderTableViewCell.xib */; };
		E1CA919324780ED10005D2FF /* ShowDetailsViewController.swift in Sources */ = {isa = PBXBuildFile; fileRef = E1CA919224780ED10005D2FF /* ShowDetailsViewController.swift */; };
		E1CA91962479434E0005D2FF /* MovieDetailsCollectionViewCell.swift in Sources */ = {isa = PBXBuildFile; fileRef = E1CA91942479434E0005D2FF /* MovieDetailsCollectionViewCell.swift */; };
		E1CA91972479434E0005D2FF /* MovieDetailsCollectionViewCell.xib in Resources */ = {isa = PBXBuildFile; fileRef = E1CA91952479434E0005D2FF /* MovieDetailsCollectionViewCell.xib */; };
		E2E9F053DA324E335AF930DD /* Pods_ShreyanshProject_ShreyanshProjectUITests.framework in Frameworks */ = {isa = PBXBuildFile; fileRef = 42C6542A9903E8A1368AC94E /* Pods_ShreyanshProject_ShreyanshProjectUITests.framework */; };
		EFCF0AD8B8C55168BE6C3935 /* Pods_ShreyanshProject.framework in Frameworks */ = {isa = PBXBuildFile; fileRef = 095F41F03FC80D78A7AB16D2 /* Pods_ShreyanshProject.framework */; };
/* End PBXBuildFile section */

/* Begin PBXContainerItemProxy section */
		E15325C12424ABC1004756DC /* PBXContainerItemProxy */ = {
			isa = PBXContainerItemProxy;
			containerPortal = E15325A22424ABBF004756DC /* Project object */;
			proxyType = 1;
			remoteGlobalIDString = E15325A92424ABBF004756DC;
			remoteInfo = ShreyanshProject;
		};
		E15325CC2424ABC1004756DC /* PBXContainerItemProxy */ = {
			isa = PBXContainerItemProxy;
			containerPortal = E15325A22424ABBF004756DC /* Project object */;
			proxyType = 1;
			remoteGlobalIDString = E15325A92424ABBF004756DC;
			remoteInfo = ShreyanshProject;
		};
/* End PBXContainerItemProxy section */

/* Begin PBXFileReference section */
		095F41F03FC80D78A7AB16D2 /* Pods_ShreyanshProject.framework */ = {isa = PBXFileReference; explicitFileType = wrapper.framework; includeInIndex = 0; path = Pods_ShreyanshProject.framework; sourceTree = BUILT_PRODUCTS_DIR; };
		0C66F3143BBE511808C56A9D /* Pods-ShreyanshProjectTests.release.xcconfig */ = {isa = PBXFileReference; includeInIndex = 1; lastKnownFileType = text.xcconfig; name = "Pods-ShreyanshProjectTests.release.xcconfig"; path = "Target Support Files/Pods-ShreyanshProjectTests/Pods-ShreyanshProjectTests.release.xcconfig"; sourceTree = "<group>"; };
		42C6542A9903E8A1368AC94E /* Pods_ShreyanshProject_ShreyanshProjectUITests.framework */ = {isa = PBXFileReference; explicitFileType = wrapper.framework; includeInIndex = 0; path = Pods_ShreyanshProject_ShreyanshProjectUITests.framework; sourceTree = BUILT_PRODUCTS_DIR; };
		70E2041965B0B6B8428AD445 /* Pods-ShreyanshProject-ShreyanshProjectUITests.debug.xcconfig */ = {isa = PBXFileReference; includeInIndex = 1; lastKnownFileType = text.xcconfig; name = "Pods-ShreyanshProject-ShreyanshProjectUITests.debug.xcconfig"; path = "Target Support Files/Pods-ShreyanshProject-ShreyanshProjectUITests/Pods-ShreyanshProject-ShreyanshProjectUITests.debug.xcconfig"; sourceTree = "<group>"; };
		991169DE677BCDC3D8292EB8 /* Pods-ShreyanshProject.debug.xcconfig */ = {isa = PBXFileReference; includeInIndex = 1; lastKnownFileType = text.xcconfig; name = "Pods-ShreyanshProject.debug.xcconfig"; path = "Target Support Files/Pods-ShreyanshProject/Pods-ShreyanshProject.debug.xcconfig"; sourceTree = "<group>"; };
		A51ECAD667C8EDFC969AACDB /* Pods-ShreyanshProject.release.xcconfig */ = {isa = PBXFileReference; includeInIndex = 1; lastKnownFileType = text.xcconfig; name = "Pods-ShreyanshProject.release.xcconfig"; path = "Target Support Files/Pods-ShreyanshProject/Pods-ShreyanshProject.release.xcconfig"; sourceTree = "<group>"; };
		A5CE395E528D1891017CA9ED /* Pods-ShreyanshProject-ShreyanshProjectUITests.release.xcconfig */ = {isa = PBXFileReference; includeInIndex = 1; lastKnownFileType = text.xcconfig; name = "Pods-ShreyanshProject-ShreyanshProjectUITests.release.xcconfig"; path = "Target Support Files/Pods-ShreyanshProject-ShreyanshProjectUITests/Pods-ShreyanshProject-ShreyanshProjectUITests.release.xcconfig"; sourceTree = "<group>"; };
		E105ECE3242A0922001E0D02 /* CountryAndLanguageViewController.swift */ = {isa = PBXFileReference; lastKnownFileType = sourcecode.swift; path = CountryAndLanguageViewController.swift; sourceTree = "<group>"; };
		E105ECEA242A09EB001E0D02 /* LanguageListTableViewCell.swift */ = {isa = PBXFileReference; lastKnownFileType = sourcecode.swift; path = LanguageListTableViewCell.swift; sourceTree = "<group>"; };
		E105ECEB242A09EB001E0D02 /* LanguageListTableViewCell.xib */ = {isa = PBXFileReference; lastKnownFileType = file.xib; path = LanguageListTableViewCell.xib; sourceTree = "<group>"; };
		E105ECEE242A138C001E0D02 /* CountryListTableViewCell.swift */ = {isa = PBXFileReference; lastKnownFileType = sourcecode.swift; path = CountryListTableViewCell.swift; sourceTree = "<group>"; };
		E105ECEF242A138C001E0D02 /* CountryListTableViewCell.xib */ = {isa = PBXFileReference; lastKnownFileType = file.xib; path = CountryListTableViewCell.xib; sourceTree = "<group>"; };
		E1291D58242548A6006112E6 /* LoginAndRegistrationViewController.swift */ = {isa = PBXFileReference; lastKnownFileType = sourcecode.swift; path = LoginAndRegistrationViewController.swift; sourceTree = "<group>"; };
		E12A8260248239250005F003 /* GoogleService-Info.plist */ = {isa = PBXFileReference; fileEncoding = 4; lastKnownFileType = text.plist.xml; path = "GoogleService-Info.plist"; sourceTree = "<group>"; };
		E12A8262248284100005F003 /* FavouriteTableViewCell.swift */ = {isa = PBXFileReference; lastKnownFileType = sourcecode.swift; path = FavouriteTableViewCell.swift; sourceTree = "<group>"; };
		E12A8263248284100005F003 /* FavouriteTableViewCell.xib */ = {isa = PBXFileReference; lastKnownFileType = file.xib; path = FavouriteTableViewCell.xib; sourceTree = "<group>"; };
		E12AB9C52436435F002F5DA1 /* AccountModule.swift */ = {isa = PBXFileReference; lastKnownFileType = sourcecode.swift; path = AccountModule.swift; sourceTree = "<group>"; };
		E12CACDC247D78E300B7A32D /* ForgetViewController.swift */ = {isa = PBXFileReference; fileEncoding = 4; lastKnownFileType = sourcecode.swift; path = ForgetViewController.swift; sourceTree = "<group>"; };
		E12CACDE247D79CE00B7A32D /* LoginViewController.swift */ = {isa = PBXFileReference; lastKnownFileType = sourcecode.swift; path = LoginViewController.swift; sourceTree = "<group>"; };
		E12CACE0247D79E700B7A32D /* RegisterViewController.swift */ = {isa = PBXFileReference; lastKnownFileType = sourcecode.swift; path = RegisterViewController.swift; sourceTree = "<group>"; };
		E12CACE2247E854B00B7A32D /* LoginModel.swift */ = {isa = PBXFileReference; lastKnownFileType = sourcecode.swift; path = LoginModel.swift; sourceTree = "<group>"; };
		E12FEC792481254D00F97E8A /* ResetViewController.swift */ = {isa = PBXFileReference; lastKnownFileType = sourcecode.swift; path = ResetViewController.swift; sourceTree = "<group>"; };
		E15325AA2424ABBF004756DC /* ShreyanshProject.app */ = {isa = PBXFileReference; explicitFileType = wrapper.application; includeInIndex = 0; path = ShreyanshProject.app; sourceTree = BUILT_PRODUCTS_DIR; };
		E15325AD2424ABBF004756DC /* AppDelegate.swift */ = {isa = PBXFileReference; lastKnownFileType = sourcecode.swift; path = AppDelegate.swift; sourceTree = "<group>"; };
		E15325AF2424ABBF004756DC /* SceneDelegate.swift */ = {isa = PBXFileReference; lastKnownFileType = sourcecode.swift; path = SceneDelegate.swift; sourceTree = "<group>"; };
		E15325B12424ABBF004756DC /* ViewController.swift */ = {isa = PBXFileReference; lastKnownFileType = sourcecode.swift; path = ViewController.swift; sourceTree = "<group>"; };
		E15325B42424ABBF004756DC /* Base */ = {isa = PBXFileReference; lastKnownFileType = file.storyboard; name = Base; path = Base.lproj/Main.storyboard; sourceTree = "<group>"; };
		E15325B62424ABC1004756DC /* Assets.xcassets */ = {isa = PBXFileReference; lastKnownFileType = folder.assetcatalog; path = Assets.xcassets; sourceTree = "<group>"; };
		E15325B92424ABC1004756DC /* Base */ = {isa = PBXFileReference; lastKnownFileType = file.storyboard; name = Base; path = Base.lproj/LaunchScreen.storyboard; sourceTree = "<group>"; };
		E15325BB2424ABC1004756DC /* Info.plist */ = {isa = PBXFileReference; lastKnownFileType = text.plist.xml; path = Info.plist; sourceTree = "<group>"; };
		E15325C02424ABC1004756DC /* ShreyanshProjectTests.xctest */ = {isa = PBXFileReference; explicitFileType = wrapper.cfbundle; includeInIndex = 0; path = ShreyanshProjectTests.xctest; sourceTree = BUILT_PRODUCTS_DIR; };
		E15325C42424ABC1004756DC /* ShreyanshProjectTests.swift */ = {isa = PBXFileReference; lastKnownFileType = sourcecode.swift; path = ShreyanshProjectTests.swift; sourceTree = "<group>"; };
		E15325C62424ABC1004756DC /* Info.plist */ = {isa = PBXFileReference; lastKnownFileType = text.plist.xml; path = Info.plist; sourceTree = "<group>"; };
		E15325CB2424ABC1004756DC /* ShreyanshProjectUITests.xctest */ = {isa = PBXFileReference; explicitFileType = wrapper.cfbundle; includeInIndex = 0; path = ShreyanshProjectUITests.xctest; sourceTree = BUILT_PRODUCTS_DIR; };
		E15325CF2424ABC1004756DC /* ShreyanshProjectUITests.swift */ = {isa = PBXFileReference; lastKnownFileType = sourcecode.swift; path = ShreyanshProjectUITests.swift; sourceTree = "<group>"; };
		E15325D12424ABC1004756DC /* Info.plist */ = {isa = PBXFileReference; lastKnownFileType = text.plist.xml; path = Info.plist; sourceTree = "<group>"; };
		E17EDB6924274AAC00310BC0 /* CountryTableViewCell.swift */ = {isa = PBXFileReference; lastKnownFileType = sourcecode.swift; path = CountryTableViewCell.swift; sourceTree = "<group>"; };
		E17EDB6A24274AAC00310BC0 /* CountryTableViewCell.xib */ = {isa = PBXFileReference; lastKnownFileType = file.xib; path = CountryTableViewCell.xib; sourceTree = "<group>"; };
		E17EDB6D24274C8E00310BC0 /* LanguageTableViewCell.swift */ = {isa = PBXFileReference; lastKnownFileType = sourcecode.swift; path = LanguageTableViewCell.swift; sourceTree = "<group>"; };
		E17EDB6E24274C8E00310BC0 /* LanguageTableViewCell.xib */ = {isa = PBXFileReference; lastKnownFileType = file.xib; path = LanguageTableViewCell.xib; sourceTree = "<group>"; };
		E19640052424B0C7009F50C3 /* HomeViewController.swift */ = {isa = PBXFileReference; lastKnownFileType = sourcecode.swift; path = HomeViewController.swift; sourceTree = "<group>"; };
		E19640072424B0D3009F50C3 /* AccountViewController.swift */ = {isa = PBXFileReference; lastKnownFileType = sourcecode.swift; path = AccountViewController.swift; sourceTree = "<group>"; };
		E19640092424B0E5009F50C3 /* FavouriteViewController.swift */ = {isa = PBXFileReference; lastKnownFileType = sourcecode.swift; path = FavouriteViewController.swift; sourceTree = "<group>"; };
		E196400B2424B0F3009F50C3 /* ChatViewController.swift */ = {isa = PBXFileReference; lastKnownFileType = sourcecode.swift; path = ChatViewController.swift; sourceTree = "<group>"; };
		E196400D2424B104009F50C3 /* EmployeesViewController.swift */ = {isa = PBXFileReference; lastKnownFileType = sourcecode.swift; path = EmployeesViewController.swift; sourceTree = "<group>"; };
		E19640102424B1A2009F50C3 /* MainTabBarController.swift */ = {isa = PBXFileReference; lastKnownFileType = sourcecode.swift; path = MainTabBarController.swift; sourceTree = "<group>"; };
		E19640122424E7BF009F50C3 /* AccountTableViewCell.swift */ = {isa = PBXFileReference; lastKnownFileType = sourcecode.swift; path = AccountTableViewCell.swift; sourceTree = "<group>"; };
		E19640132424E7BF009F50C3 /* AccountTableViewCell.xib */ = {isa = PBXFileReference; lastKnownFileType = file.xib; path = AccountTableViewCell.xib; sourceTree = "<group>"; };
		E1C840A5247273AC0029DB7A /* MapViewController.swift */ = {isa = PBXFileReference; lastKnownFileType = sourcecode.swift; path = MapViewController.swift; sourceTree = "<group>"; };
		E1C840A824729BDE0029DB7A /* ListedEmployeesViewController.swift */ = {isa = PBXFileReference; lastKnownFileType = sourcecode.swift; path = ListedEmployeesViewController.swift; sourceTree = "<group>"; };
		E1C840AA24729BFB0029DB7A /* DetailsEmployeesViewController.swift */ = {isa = PBXFileReference; lastKnownFileType = sourcecode.swift; path = DetailsEmployeesViewController.swift; sourceTree = "<group>"; };
		E1C840AC2472AFD80029DB7A /* EmployeesModule.swift */ = {isa = PBXFileReference; lastKnownFileType = sourcecode.swift; path = EmployeesModule.swift; sourceTree = "<group>"; };
		E1C840AF2473B95C0029DB7A /* ListedTableViewCell.swift */ = {isa = PBXFileReference; lastKnownFileType = sourcecode.swift; path = ListedTableViewCell.swift; sourceTree = "<group>"; };
		E1C840B02473B95C0029DB7A /* ListedTableViewCell.xib */ = {isa = PBXFileReference; lastKnownFileType = file.xib; path = ListedTableViewCell.xib; sourceTree = "<group>"; };
		E1C840B32473C1D40029DB7A /* DetailsTableViewCell.swift */ = {isa = PBXFileReference; lastKnownFileType = sourcecode.swift; path = DetailsTableViewCell.swift; sourceTree = "<group>"; };
		E1C840B42473C1D40029DB7A /* DetailsTableViewCell.xib */ = {isa = PBXFileReference; lastKnownFileType = file.xib; path = DetailsTableViewCell.xib; sourceTree = "<group>"; };
		E1CA9172247508830005D2FF /* SliderCollectionViewCell.swift */ = {isa = PBXFileReference; lastKnownFileType = sourcecode.swift; path = SliderCollectionViewCell.swift; sourceTree = "<group>"; };
		E1CA9173247508830005D2FF /* SliderCollectionViewCell.xib */ = {isa = PBXFileReference; lastKnownFileType = file.xib; path = SliderCollectionViewCell.xib; sourceTree = "<group>"; };
		E1CA9179247559390005D2FF /* HomeModule.swift */ = {isa = PBXFileReference; lastKnownFileType = sourcecode.swift; path = HomeModule.swift; sourceTree = "<group>"; };
		E1CA917D247670510005D2FF /* HomeTableViewCell.swift */ = {isa = PBXFileReference; lastKnownFileType = sourcecode.swift; path = HomeTableViewCell.swift; sourceTree = "<group>"; };
		E1CA917E247670510005D2FF /* HomeTableViewCell.xib */ = {isa = PBXFileReference; lastKnownFileType = file.xib; path = HomeTableViewCell.xib; sourceTree = "<group>"; };
		E1CA918124769D7F0005D2FF /* HomeCollectionViewCell.swift */ = {isa = PBXFileReference; lastKnownFileType = sourcecode.swift; path = HomeCollectionViewCell.swift; sourceTree = "<group>"; };
		E1CA918224769D7F0005D2FF /* HomeCollectionViewCell.xib */ = {isa = PBXFileReference; lastKnownFileType = file.xib; path = HomeCollectionViewCell.xib; sourceTree = "<group>"; };
		E1CA91892476B8530005D2FF /* ImagesSliderTableViewCell.swift */ = {isa = PBXFileReference; lastKnownFileType = sourcecode.swift; path = ImagesSliderTableViewCell.swift; sourceTree = "<group>"; };
		E1CA918A2476B8530005D2FF /* ImagesSliderTableViewCell.xib */ = {isa = PBXFileReference; lastKnownFileType = file.xib; path = ImagesSliderTableViewCell.xib; sourceTree = "<group>"; };
		E1CA919224780ED10005D2FF /* ShowDetailsViewController.swift */ = {isa = PBXFileReference; lastKnownFileType = sourcecode.swift; path = ShowDetailsViewController.swift; sourceTree = "<group>"; };
		E1CA91942479434E0005D2FF /* MovieDetailsCollectionViewCell.swift */ = {isa = PBXFileReference; lastKnownFileType = sourcecode.swift; path = MovieDetailsCollectionViewCell.swift; sourceTree = "<group>"; };
		E1CA91952479434E0005D2FF /* MovieDetailsCollectionViewCell.xib */ = {isa = PBXFileReference; lastKnownFileType = file.xib; path = MovieDetailsCollectionViewCell.xib; sourceTree = "<group>"; };
		E3C3E2CC0FA22A42F703538D /* Pods_ShreyanshProjectTests.framework */ = {isa = PBXFileReference; explicitFileType = wrapper.framework; includeInIndex = 0; path = Pods_ShreyanshProjectTests.framework; sourceTree = BUILT_PRODUCTS_DIR; };
		EA61616F0BE82A1E949186A2 /* Pods-ShreyanshProjectTests.debug.xcconfig */ = {isa = PBXFileReference; includeInIndex = 1; lastKnownFileType = text.xcconfig; name = "Pods-ShreyanshProjectTests.debug.xcconfig"; path = "Target Support Files/Pods-ShreyanshProjectTests/Pods-ShreyanshProjectTests.debug.xcconfig"; sourceTree = "<group>"; };
/* End PBXFileReference section */

/* Begin PBXFrameworksBuildPhase section */
		E15325A72424ABBF004756DC /* Frameworks */ = {
			isa = PBXFrameworksBuildPhase;
			buildActionMask = 2147483647;
			files = (
				EFCF0AD8B8C55168BE6C3935 /* Pods_ShreyanshProject.framework in Frameworks */,
			);
			runOnlyForDeploymentPostprocessing = 0;
		};
		E15325BD2424ABC1004756DC /* Frameworks */ = {
			isa = PBXFrameworksBuildPhase;
			buildActionMask = 2147483647;
			files = (
				A29453D76D0A3C8C318D9CA5 /* Pods_ShreyanshProjectTests.framework in Frameworks */,
			);
			runOnlyForDeploymentPostprocessing = 0;
		};
		E15325C82424ABC1004756DC /* Frameworks */ = {
			isa = PBXFrameworksBuildPhase;
			buildActionMask = 2147483647;
			files = (
				E2E9F053DA324E335AF930DD /* Pods_ShreyanshProject_ShreyanshProjectUITests.framework in Frameworks */,
			);
			runOnlyForDeploymentPostprocessing = 0;
		};
/* End PBXFrameworksBuildPhase section */

/* Begin PBXGroup section */
		6902A439F04F17FF91EC013E /* Frameworks */ = {
			isa = PBXGroup;
			children = (
				095F41F03FC80D78A7AB16D2 /* Pods_ShreyanshProject.framework */,
				42C6542A9903E8A1368AC94E /* Pods_ShreyanshProject_ShreyanshProjectUITests.framework */,
				E3C3E2CC0FA22A42F703538D /* Pods_ShreyanshProjectTests.framework */,
			);
			name = Frameworks;
			sourceTree = "<group>";
		};
		C081343B2F7EB797E7277443 /* Pods */ = {
			isa = PBXGroup;
			children = (
				991169DE677BCDC3D8292EB8 /* Pods-ShreyanshProject.debug.xcconfig */,
				A51ECAD667C8EDFC969AACDB /* Pods-ShreyanshProject.release.xcconfig */,
				70E2041965B0B6B8428AD445 /* Pods-ShreyanshProject-ShreyanshProjectUITests.debug.xcconfig */,
				A5CE395E528D1891017CA9ED /* Pods-ShreyanshProject-ShreyanshProjectUITests.release.xcconfig */,
				EA61616F0BE82A1E949186A2 /* Pods-ShreyanshProjectTests.debug.xcconfig */,
				0C66F3143BBE511808C56A9D /* Pods-ShreyanshProjectTests.release.xcconfig */,
			);
			path = Pods;
			sourceTree = "<group>";
		};
		E105ECE9242A094E001E0D02 /* Country And Language */ = {
			isa = PBXGroup;
			children = (
				E105ECE3242A0922001E0D02 /* CountryAndLanguageViewController.swift */,
				E105ECEA242A09EB001E0D02 /* LanguageListTableViewCell.swift */,
				E105ECEB242A09EB001E0D02 /* LanguageListTableViewCell.xib */,
				E105ECEE242A138C001E0D02 /* CountryListTableViewCell.swift */,
				E105ECEF242A138C001E0D02 /* CountryListTableViewCell.xib */,
			);
			path = "Country And Language";
			sourceTree = "<group>";
		};
		E12A82662482844C0005F003 /* Favourite table Cell */ = {
			isa = PBXGroup;
			children = (
				E12A8262248284100005F003 /* FavouriteTableViewCell.swift */,
				E12A8263248284100005F003 /* FavouriteTableViewCell.xib */,
			);
			path = "Favourite table Cell";
			sourceTree = "<group>";
		};
		E15325A12424ABBF004756DC = {
			isa = PBXGroup;
			children = (
				E15325AC2424ABBF004756DC /* ShreyanshProject */,
				E15325C32424ABC1004756DC /* ShreyanshProjectTests */,
				E15325CE2424ABC1004756DC /* ShreyanshProjectUITests */,
				E15325AB2424ABBF004756DC /* Products */,
				C081343B2F7EB797E7277443 /* Pods */,
				6902A439F04F17FF91EC013E /* Frameworks */,
			);
			sourceTree = "<group>";
		};
		E15325AB2424ABBF004756DC /* Products */ = {
			isa = PBXGroup;
			children = (
				E15325AA2424ABBF004756DC /* ShreyanshProject.app */,
				E15325C02424ABC1004756DC /* ShreyanshProjectTests.xctest */,
				E15325CB2424ABC1004756DC /* ShreyanshProjectUITests.xctest */,
			);
			name = Products;
			sourceTree = "<group>";
		};
		E15325AC2424ABBF004756DC /* ShreyanshProject */ = {
			isa = PBXGroup;
			children = (
				E15325AD2424ABBF004756DC /* AppDelegate.swift */,
				E15325AF2424ABBF004756DC /* SceneDelegate.swift */,
				E15325B12424ABBF004756DC /* ViewController.swift */,
				E15325B32424ABBF004756DC /* Main.storyboard */,
				E1CA918D2477A9670005D2FF /* Home Tab */,
				E1CA91912477AA5A0005D2FF /* Employee Tab */,
				E1CA9198247CFB800005D2FF /* Favourite Tab */,
				E1CA9199247CFB8E0005D2FF /* Chat Tab */,
				E1CA918E2477A9B30005D2FF /* Account Tab */,
				E196400F2424B111009F50C3 /* MainTabBar */,
				E15325B62424ABC1004756DC /* Assets.xcassets */,
				E15325B82424ABC1004756DC /* LaunchScreen.storyboard */,
				E12A8260248239250005F003 /* GoogleService-Info.plist */,
				E15325BB2424ABC1004756DC /* Info.plist */,
			);
			path = ShreyanshProject;
			sourceTree = "<group>";
		};
		E15325C32424ABC1004756DC /* ShreyanshProjectTests */ = {
			isa = PBXGroup;
			children = (
				E15325C42424ABC1004756DC /* ShreyanshProjectTests.swift */,
				E15325C62424ABC1004756DC /* Info.plist */,
			);
			path = ShreyanshProjectTests;
			sourceTree = "<group>";
		};
		E15325CE2424ABC1004756DC /* ShreyanshProjectUITests */ = {
			isa = PBXGroup;
			children = (
				E15325CF2424ABC1004756DC /* ShreyanshProjectUITests.swift */,
				E15325D12424ABC1004756DC /* Info.plist */,
			);
			path = ShreyanshProjectUITests;
			sourceTree = "<group>";
		};
		E17EDB6824274A6700310BC0 /* Employee Table View Cell */ = {
			isa = PBXGroup;
			children = (
				E1C840AF2473B95C0029DB7A /* ListedTableViewCell.swift */,
				E1C840B02473B95C0029DB7A /* ListedTableViewCell.xib */,
				E1C840B32473C1D40029DB7A /* DetailsTableViewCell.swift */,
				E1C840B42473C1D40029DB7A /* DetailsTableViewCell.xib */,
			);
			path = "Employee Table View Cell";
			sourceTree = "<group>";
		};
		E196400F2424B111009F50C3 /* MainTabBar */ = {
			isa = PBXGroup;
			children = (
				E19640102424B1A2009F50C3 /* MainTabBarController.swift */,
			);
			path = MainTabBar;
			sourceTree = "<group>";
		};
		E1C840A724728A9F0029DB7A /* Account components */ = {
			isa = PBXGroup;
			children = (
				E1C840A5247273AC0029DB7A /* MapViewController.swift */,
				E12CACDC247D78E300B7A32D /* ForgetViewController.swift */,
				E1291D58242548A6006112E6 /* LoginAndRegistrationViewController.swift */,
				E12CACDE247D79CE00B7A32D /* LoginViewController.swift */,
				E12CACE0247D79E700B7A32D /* RegisterViewController.swift */,
				E12CACE2247E854B00B7A32D /* LoginModel.swift */,
				E12FEC792481254D00F97E8A /* ResetViewController.swift */,
			);
			path = "Account components";
			sourceTree = "<group>";
		};
		E1CA91762475088B0005D2FF /* Home Collection View Cell */ = {
			isa = PBXGroup;
			children = (
				E1CA9172247508830005D2FF /* SliderCollectionViewCell.swift */,
				E1CA9173247508830005D2FF /* SliderCollectionViewCell.xib */,
				E1CA918124769D7F0005D2FF /* HomeCollectionViewCell.swift */,
				E1CA918224769D7F0005D2FF /* HomeCollectionViewCell.xib */,
				E1CA91942479434E0005D2FF /* MovieDetailsCollectionViewCell.swift */,
				E1CA91952479434E0005D2FF /* MovieDetailsCollectionViewCell.xib */,
			);
			path = "Home Collection View Cell";
			sourceTree = "<group>";
		};
		E1CA918D2477A9670005D2FF /* Home Tab */ = {
			isa = PBXGroup;
			children = (
				E19640052424B0C7009F50C3 /* HomeViewController.swift */,
				E1CA9179247559390005D2FF /* HomeModule.swift */,
				E1CA919224780ED10005D2FF /* ShowDetailsViewController.swift */,
				E1CA918F2477A9EE0005D2FF /* Home Table View Cell */,
				E1CA91762475088B0005D2FF /* Home Collection View Cell */,
			);
			path = "Home Tab";
			sourceTree = "<group>";
		};
		E1CA918E2477A9B30005D2FF /* Account Tab */ = {
			isa = PBXGroup;
			children = (
				E19640072424B0D3009F50C3 /* AccountViewController.swift */,
				E12AB9C52436435F002F5DA1 /* AccountModule.swift */,
				E1CA91902477AA2F0005D2FF /* Account Table View Cell */,
				E105ECE9242A094E001E0D02 /* Country And Language */,
				E1C840A724728A9F0029DB7A /* Account components */,
			);
			path = "Account Tab";
			sourceTree = "<group>";
		};
		E1CA918F2477A9EE0005D2FF /* Home Table View Cell */ = {
			isa = PBXGroup;
			children = (
				E1CA917D247670510005D2FF /* HomeTableViewCell.swift */,
				E1CA917E247670510005D2FF /* HomeTableViewCell.xib */,
				E1CA91892476B8530005D2FF /* ImagesSliderTableViewCell.swift */,
				E1CA918A2476B8530005D2FF /* ImagesSliderTableViewCell.xib */,
			);
			path = "Home Table View Cell";
			sourceTree = "<group>";
		};
		E1CA91902477AA2F0005D2FF /* Account Table View Cell */ = {
			isa = PBXGroup;
			children = (
				E19640122424E7BF009F50C3 /* AccountTableViewCell.swift */,
				E19640132424E7BF009F50C3 /* AccountTableViewCell.xib */,
				E17EDB6924274AAC00310BC0 /* CountryTableViewCell.swift */,
				E17EDB6A24274AAC00310BC0 /* CountryTableViewCell.xib */,
				E17EDB6D24274C8E00310BC0 /* LanguageTableViewCell.swift */,
				E17EDB6E24274C8E00310BC0 /* LanguageTableViewCell.xib */,
			);
			path = "Account Table View Cell";
			sourceTree = "<group>";
		};
		E1CA91912477AA5A0005D2FF /* Employee Tab */ = {
			isa = PBXGroup;
			children = (
				E196400D2424B104009F50C3 /* EmployeesViewController.swift */,
				E1C840A824729BDE0029DB7A /* ListedEmployeesViewController.swift */,
				E1C840AA24729BFB0029DB7A /* DetailsEmployeesViewController.swift */,
				E1C840AC2472AFD80029DB7A /* EmployeesModule.swift */,
				E17EDB6824274A6700310BC0 /* Employee Table View Cell */,
			);
			path = "Employee Tab";
			sourceTree = "<group>";
		};
		E1CA9198247CFB800005D2FF /* Favourite Tab */ = {
			isa = PBXGroup;
			children = (
				E19640092424B0E5009F50C3 /* FavouriteViewController.swift */,
				E12A82662482844C0005F003 /* Favourite table Cell */,
			);
			path = "Favourite Tab";
			sourceTree = "<group>";
		};
		E1CA9199247CFB8E0005D2FF /* Chat Tab */ = {
			isa = PBXGroup;
			children = (
				E196400B2424B0F3009F50C3 /* ChatViewController.swift */,
			);
			path = "Chat Tab";
			sourceTree = "<group>";
		};
/* End PBXGroup section */

/* Begin PBXNativeTarget section */
		E15325A92424ABBF004756DC /* ShreyanshProject */ = {
			isa = PBXNativeTarget;
			buildConfigurationList = E15325D42424ABC1004756DC /* Build configuration list for PBXNativeTarget "ShreyanshProject" */;
			buildPhases = (
				C5743251E0AD92B05A735F75 /* [CP] Check Pods Manifest.lock */,
				E15325A62424ABBF004756DC /* Sources */,
				E15325A72424ABBF004756DC /* Frameworks */,
				E15325A82424ABBF004756DC /* Resources */,
				E400D44CFEC85DCA24005D38 /* [CP] Copy Pods Resources */,
				BFFA30EB296B2D2804868088 /* [CP] Embed Pods Frameworks */,
			);
			buildRules = (
			);
			dependencies = (
			);
			name = ShreyanshProject;
			productName = ShreyanshProject;
			productReference = E15325AA2424ABBF004756DC /* ShreyanshProject.app */;
			productType = "com.apple.product-type.application";
		};
		E15325BF2424ABC1004756DC /* ShreyanshProjectTests */ = {
			isa = PBXNativeTarget;
			buildConfigurationList = E15325D72424ABC1004756DC /* Build configuration list for PBXNativeTarget "ShreyanshProjectTests" */;
			buildPhases = (
				E63F2779DFCD0A1FB8DBD744 /* [CP] Check Pods Manifest.lock */,
				E15325BC2424ABC1004756DC /* Sources */,
				E15325BD2424ABC1004756DC /* Frameworks */,
				E15325BE2424ABC1004756DC /* Resources */,
			);
			buildRules = (
			);
			dependencies = (
				E15325C22424ABC1004756DC /* PBXTargetDependency */,
			);
			name = ShreyanshProjectTests;
			productName = ShreyanshProjectTests;
			productReference = E15325C02424ABC1004756DC /* ShreyanshProjectTests.xctest */;
			productType = "com.apple.product-type.bundle.unit-test";
		};
		E15325CA2424ABC1004756DC /* ShreyanshProjectUITests */ = {
			isa = PBXNativeTarget;
			buildConfigurationList = E15325DA2424ABC1004756DC /* Build configuration list for PBXNativeTarget "ShreyanshProjectUITests" */;
			buildPhases = (
				4A8E04A9BF2798C6BABA883B /* [CP] Check Pods Manifest.lock */,
				E15325C72424ABC1004756DC /* Sources */,
				E15325C82424ABC1004756DC /* Frameworks */,
				E15325C92424ABC1004756DC /* Resources */,
				3DA10A192D20E86402FC3117 /* [CP] Copy Pods Resources */,
				2DA91AFF0E186689EFDD9499 /* [CP] Embed Pods Frameworks */,
			);
			buildRules = (
			);
			dependencies = (
				E15325CD2424ABC1004756DC /* PBXTargetDependency */,
			);
			name = ShreyanshProjectUITests;
			productName = ShreyanshProjectUITests;
			productReference = E15325CB2424ABC1004756DC /* ShreyanshProjectUITests.xctest */;
			productType = "com.apple.product-type.bundle.ui-testing";
		};
/* End PBXNativeTarget section */

/* Begin PBXProject section */
		E15325A22424ABBF004756DC /* Project object */ = {
			isa = PBXProject;
			attributes = {
				LastSwiftUpdateCheck = 1130;
				LastUpgradeCheck = 1130;
				ORGANIZATIONNAME = "Shreyansh Raj";
				TargetAttributes = {
					E15325A92424ABBF004756DC = {
						CreatedOnToolsVersion = 11.3.1;
					};
					E15325BF2424ABC1004756DC = {
						CreatedOnToolsVersion = 11.3.1;
						TestTargetID = E15325A92424ABBF004756DC;
					};
					E15325CA2424ABC1004756DC = {
						CreatedOnToolsVersion = 11.3.1;
						TestTargetID = E15325A92424ABBF004756DC;
					};
				};
			};
			buildConfigurationList = E15325A52424ABBF004756DC /* Build configuration list for PBXProject "ShreyanshProject" */;
			compatibilityVersion = "Xcode 9.3";
			developmentRegion = en;
			hasScannedForEncodings = 0;
			knownRegions = (
				en,
				Base,
			);
			mainGroup = E15325A12424ABBF004756DC;
			productRefGroup = E15325AB2424ABBF004756DC /* Products */;
			projectDirPath = "";
			projectRoot = "";
			targets = (
				E15325A92424ABBF004756DC /* ShreyanshProject */,
				E15325BF2424ABC1004756DC /* ShreyanshProjectTests */,
				E15325CA2424ABC1004756DC /* ShreyanshProjectUITests */,
			);
		};
/* End PBXProject section */

/* Begin PBXResourcesBuildPhase section */
		E15325A82424ABBF004756DC /* Resources */ = {
			isa = PBXResourcesBuildPhase;
			buildActionMask = 2147483647;
			files = (
				E1C840B62473C1D40029DB7A /* DetailsTableViewCell.xib in Resources */,
				E105ECF1242A138C001E0D02 /* CountryListTableViewCell.xib in Resources */,
				E1C840B22473B95C0029DB7A /* ListedTableViewCell.xib in Resources */,
				E15325BA2424ABC1004756DC /* LaunchScreen.storyboard in Resources */,
				E19640152424E7BF009F50C3 /* AccountTableViewCell.xib in Resources */,
				E15325B72424ABC1004756DC /* Assets.xcassets in Resources */,
				E105ECED242A09EB001E0D02 /* LanguageListTableViewCell.xib in Resources */,
				E15325B52424ABBF004756DC /* Main.storyboard in Resources */,
				E17EDB6C24274AAC00310BC0 /* CountryTableViewCell.xib in Resources */,
				E12A8261248239250005F003 /* GoogleService-Info.plist in Resources */,
				E17EDB7024274C8E00310BC0 /* LanguageTableViewCell.xib in Resources */,
				E1CA91972479434E0005D2FF /* MovieDetailsCollectionViewCell.xib in Resources */,
				E12A8265248284100005F003 /* FavouriteTableViewCell.xib in Resources */,
				E1CA9180247670510005D2FF /* HomeTableViewCell.xib in Resources */,
				E1CA918424769D7F0005D2FF /* HomeCollectionViewCell.xib in Resources */,
				E1CA918C2476B8530005D2FF /* ImagesSliderTableViewCell.xib in Resources */,
				E1CA9175247508830005D2FF /* SliderCollectionViewCell.xib in Resources */,
			);
			runOnlyForDeploymentPostprocessing = 0;
		};
		E15325BE2424ABC1004756DC /* Resources */ = {
			isa = PBXResourcesBuildPhase;
			buildActionMask = 2147483647;
			files = (
			);
			runOnlyForDeploymentPostprocessing = 0;
		};
		E15325C92424ABC1004756DC /* Resources */ = {
			isa = PBXResourcesBuildPhase;
			buildActionMask = 2147483647;
			files = (
			);
			runOnlyForDeploymentPostprocessing = 0;
		};
/* End PBXResourcesBuildPhase section */

/* Begin PBXShellScriptBuildPhase section */
		2DA91AFF0E186689EFDD9499 /* [CP] Embed Pods Frameworks */ = {
			isa = PBXShellScriptBuildPhase;
			buildActionMask = 2147483647;
			files = (
			);
			inputFileListPaths = (
				"${PODS_ROOT}/Target Support Files/Pods-ShreyanshProject-ShreyanshProjectUITests/Pods-ShreyanshProject-ShreyanshProjectUITests-frameworks-${CONFIGURATION}-input-files.xcfilelist",
			);
			name = "[CP] Embed Pods Frameworks";
			outputFileListPaths = (
				"${PODS_ROOT}/Target Support Files/Pods-ShreyanshProject-ShreyanshProjectUITests/Pods-ShreyanshProject-ShreyanshProjectUITests-frameworks-${CONFIGURATION}-output-files.xcfilelist",
			);
			runOnlyForDeploymentPostprocessing = 0;
			shellPath = /bin/sh;
			shellScript = "\"${PODS_ROOT}/Target Support Files/Pods-ShreyanshProject-ShreyanshProjectUITests/Pods-ShreyanshProject-ShreyanshProjectUITests-frameworks.sh\"\n";
			showEnvVarsInLog = 0;
		};
		3DA10A192D20E86402FC3117 /* [CP] Copy Pods Resources */ = {
			isa = PBXShellScriptBuildPhase;
			buildActionMask = 2147483647;
			files = (
			);
			inputFileListPaths = (
				"${PODS_ROOT}/Target Support Files/Pods-ShreyanshProject-ShreyanshProjectUITests/Pods-ShreyanshProject-ShreyanshProjectUITests-resources-${CONFIGURATION}-input-files.xcfilelist",
			);
			name = "[CP] Copy Pods Resources";
			outputFileListPaths = (
				"${PODS_ROOT}/Target Support Files/Pods-ShreyanshProject-ShreyanshProjectUITests/Pods-ShreyanshProject-ShreyanshProjectUITests-resources-${CONFIGURATION}-output-files.xcfilelist",
			);
			runOnlyForDeploymentPostprocessing = 0;
			shellPath = /bin/sh;
			shellScript = "\"${PODS_ROOT}/Target Support Files/Pods-ShreyanshProject-ShreyanshProjectUITests/Pods-ShreyanshProject-ShreyanshProjectUITests-resources.sh\"\n";
			showEnvVarsInLog = 0;
		};
		4A8E04A9BF2798C6BABA883B /* [CP] Check Pods Manifest.lock */ = {
			isa = PBXShellScriptBuildPhase;
			buildActionMask = 2147483647;
			files = (
			);
			inputFileListPaths = (
			);
			inputPaths = (
				"${PODS_PODFILE_DIR_PATH}/Podfile.lock",
				"${PODS_ROOT}/Manifest.lock",
			);
			name = "[CP] Check Pods Manifest.lock";
			outputFileListPaths = (
			);
			outputPaths = (
				"$(DERIVED_FILE_DIR)/Pods-ShreyanshProject-ShreyanshProjectUITests-checkManifestLockResult.txt",
			);
			runOnlyForDeploymentPostprocessing = 0;
			shellPath = /bin/sh;
			shellScript = "diff \"${PODS_PODFILE_DIR_PATH}/Podfile.lock\" \"${PODS_ROOT}/Manifest.lock\" > /dev/null\nif [ $? != 0 ] ; then\n    # print error to STDERR\n    echo \"error: The sandbox is not in sync with the Podfile.lock. Run 'pod install' or update your CocoaPods installation.\" >&2\n    exit 1\nfi\n# This output is used by Xcode 'outputs' to avoid re-running this script phase.\necho \"SUCCESS\" > \"${SCRIPT_OUTPUT_FILE_0}\"\n";
			showEnvVarsInLog = 0;
		};
		BFFA30EB296B2D2804868088 /* [CP] Embed Pods Frameworks */ = {
			isa = PBXShellScriptBuildPhase;
			buildActionMask = 2147483647;
			files = (
			);
			inputFileListPaths = (
				"${PODS_ROOT}/Target Support Files/Pods-ShreyanshProject/Pods-ShreyanshProject-frameworks-${CONFIGURATION}-input-files.xcfilelist",
			);
			name = "[CP] Embed Pods Frameworks";
			outputFileListPaths = (
				"${PODS_ROOT}/Target Support Files/Pods-ShreyanshProject/Pods-ShreyanshProject-frameworks-${CONFIGURATION}-output-files.xcfilelist",
			);
			runOnlyForDeploymentPostprocessing = 0;
			shellPath = /bin/sh;
			shellScript = "\"${PODS_ROOT}/Target Support Files/Pods-ShreyanshProject/Pods-ShreyanshProject-frameworks.sh\"\n";
			showEnvVarsInLog = 0;
		};
		C5743251E0AD92B05A735F75 /* [CP] Check Pods Manifest.lock */ = {
			isa = PBXShellScriptBuildPhase;
			buildActionMask = 2147483647;
			files = (
			);
			inputFileListPaths = (
			);
			inputPaths = (
				"${PODS_PODFILE_DIR_PATH}/Podfile.lock",
				"${PODS_ROOT}/Manifest.lock",
			);
			name = "[CP] Check Pods Manifest.lock";
			outputFileListPaths = (
			);
			outputPaths = (
				"$(DERIVED_FILE_DIR)/Pods-ShreyanshProject-checkManifestLockResult.txt",
			);
			runOnlyForDeploymentPostprocessing = 0;
			shellPath = /bin/sh;
			shellScript = "diff \"${PODS_PODFILE_DIR_PATH}/Podfile.lock\" \"${PODS_ROOT}/Manifest.lock\" > /dev/null\nif [ $? != 0 ] ; then\n    # print error to STDERR\n    echo \"error: The sandbox is not in sync with the Podfile.lock. Run 'pod install' or update your CocoaPods installation.\" >&2\n    exit 1\nfi\n# This output is used by Xcode 'outputs' to avoid re-running this script phase.\necho \"SUCCESS\" > \"${SCRIPT_OUTPUT_FILE_0}\"\n";
			showEnvVarsInLog = 0;
		};
		E400D44CFEC85DCA24005D38 /* [CP] Copy Pods Resources */ = {
			isa = PBXShellScriptBuildPhase;
			buildActionMask = 2147483647;
			files = (
			);
			inputFileListPaths = (
				"${PODS_ROOT}/Target Support Files/Pods-ShreyanshProject/Pods-ShreyanshProject-resources-${CONFIGURATION}-input-files.xcfilelist",
			);
			name = "[CP] Copy Pods Resources";
			outputFileListPaths = (
				"${PODS_ROOT}/Target Support Files/Pods-ShreyanshProject/Pods-ShreyanshProject-resources-${CONFIGURATION}-output-files.xcfilelist",
			);
			runOnlyForDeploymentPostprocessing = 0;
			shellPath = /bin/sh;
			shellScript = "\"${PODS_ROOT}/Target Support Files/Pods-ShreyanshProject/Pods-ShreyanshProject-resources.sh\"\n";
			showEnvVarsInLog = 0;
		};
		E63F2779DFCD0A1FB8DBD744 /* [CP] Check Pods Manifest.lock */ = {
			isa = PBXShellScriptBuildPhase;
			buildActionMask = 2147483647;
			files = (
			);
			inputFileListPaths = (
			);
			inputPaths = (
				"${PODS_PODFILE_DIR_PATH}/Podfile.lock",
				"${PODS_ROOT}/Manifest.lock",
			);
			name = "[CP] Check Pods Manifest.lock";
			outputFileListPaths = (
			);
			outputPaths = (
				"$(DERIVED_FILE_DIR)/Pods-ShreyanshProjectTests-checkManifestLockResult.txt",
			);
			runOnlyForDeploymentPostprocessing = 0;
			shellPath = /bin/sh;
			shellScript = "diff \"${PODS_PODFILE_DIR_PATH}/Podfile.lock\" \"${PODS_ROOT}/Manifest.lock\" > /dev/null\nif [ $? != 0 ] ; then\n    # print error to STDERR\n    echo \"error: The sandbox is not in sync with the Podfile.lock. Run 'pod install' or update your CocoaPods installation.\" >&2\n    exit 1\nfi\n# This output is used by Xcode 'outputs' to avoid re-running this script phase.\necho \"SUCCESS\" > \"${SCRIPT_OUTPUT_FILE_0}\"\n";
			showEnvVarsInLog = 0;
		};
/* End PBXShellScriptBuildPhase section */

/* Begin PBXSourcesBuildPhase section */
		E15325A62424ABBF004756DC /* Sources */ = {
			isa = PBXSourcesBuildPhase;
			buildActionMask = 2147483647;
			files = (
				E1CA917A247559390005D2FF /* HomeModule.swift in Sources */,
				E1CA9174247508830005D2FF /* SliderCollectionViewCell.swift in Sources */,
				E1C840AB24729BFB0029DB7A /* DetailsEmployeesViewController.swift in Sources */,
				E15325B22424ABBF004756DC /* ViewController.swift in Sources */,
				E19640082424B0D3009F50C3 /* AccountViewController.swift in Sources */,
				E1C840A924729BDE0029DB7A /* ListedEmployeesViewController.swift in Sources */,
				E1CA918324769D7F0005D2FF /* HomeCollectionViewCell.swift in Sources */,
				E19640112424B1A2009F50C3 /* MainTabBarController.swift in Sources */,
				E1C840B52473C1D40029DB7A /* DetailsTableViewCell.swift in Sources */,
				E1291D59242548A6006112E6 /* LoginAndRegistrationViewController.swift in Sources */,
				E19640142424E7BF009F50C3 /* AccountTableViewCell.swift in Sources */,
				E105ECF0242A138C001E0D02 /* CountryListTableViewCell.swift in Sources */,
				E12CACE1247D79E700B7A32D /* RegisterViewController.swift in Sources */,
				E12CACDF247D79CE00B7A32D /* LoginViewController.swift in Sources */,
				E1C840A6247273AC0029DB7A /* MapViewController.swift in Sources */,
				E12CACDD247D78E300B7A32D /* ForgetViewController.swift in Sources */,
				E15325AE2424ABBF004756DC /* AppDelegate.swift in Sources */,
				E196400C2424B0F3009F50C3 /* ChatViewController.swift in Sources */,
				E1CA919324780ED10005D2FF /* ShowDetailsViewController.swift in Sources */,
				E12A8264248284100005F003 /* FavouriteTableViewCell.swift in Sources */,
				E12FEC7A2481254D00F97E8A /* ResetViewController.swift in Sources */,
				E1CA91962479434E0005D2FF /* MovieDetailsCollectionViewCell.swift in Sources */,
				E1CA917F247670510005D2FF /* HomeTableViewCell.swift in Sources */,
				E1CA918B2476B8530005D2FF /* ImagesSliderTableViewCell.swift in Sources */,
				E17EDB6B24274AAC00310BC0 /* CountryTableViewCell.swift in Sources */,
				E1C840AD2472AFD80029DB7A /* EmployeesModule.swift in Sources */,
				E15325B02424ABBF004756DC /* SceneDelegate.swift in Sources */,
				E12CACE3247E854B00B7A32D /* LoginModel.swift in Sources */,
				E105ECE4242A0922001E0D02 /* CountryAndLanguageViewController.swift in Sources */,
				E1C840B12473B95C0029DB7A /* ListedTableViewCell.swift in Sources */,
				E196400A2424B0E5009F50C3 /* FavouriteViewController.swift in Sources */,
				E196400E2424B104009F50C3 /* EmployeesViewController.swift in Sources */,
				E105ECEC242A09EB001E0D02 /* LanguageListTableViewCell.swift in Sources */,
				E12AB9C62436435F002F5DA1 /* AccountModule.swift in Sources */,
				E19640062424B0C7009F50C3 /* HomeViewController.swift in Sources */,
				E17EDB6F24274C8E00310BC0 /* LanguageTableViewCell.swift in Sources */,
			);
			runOnlyForDeploymentPostprocessing = 0;
		};
		E15325BC2424ABC1004756DC /* Sources */ = {
			isa = PBXSourcesBuildPhase;
			buildActionMask = 2147483647;
			files = (
				E15325C52424ABC1004756DC /* ShreyanshProjectTests.swift in Sources */,
			);
			runOnlyForDeploymentPostprocessing = 0;
		};
		E15325C72424ABC1004756DC /* Sources */ = {
			isa = PBXSourcesBuildPhase;
			buildActionMask = 2147483647;
			files = (
				E15325D02424ABC1004756DC /* ShreyanshProjectUITests.swift in Sources */,
			);
			runOnlyForDeploymentPostprocessing = 0;
		};
/* End PBXSourcesBuildPhase section */

/* Begin PBXTargetDependency section */
		E15325C22424ABC1004756DC /* PBXTargetDependency */ = {
			isa = PBXTargetDependency;
			target = E15325A92424ABBF004756DC /* ShreyanshProject */;
			targetProxy = E15325C12424ABC1004756DC /* PBXContainerItemProxy */;
		};
		E15325CD2424ABC1004756DC /* PBXTargetDependency */ = {
			isa = PBXTargetDependency;
			target = E15325A92424ABBF004756DC /* ShreyanshProject */;
			targetProxy = E15325CC2424ABC1004756DC /* PBXContainerItemProxy */;
		};
/* End PBXTargetDependency section */

/* Begin PBXVariantGroup section */
		E15325B32424ABBF004756DC /* Main.storyboard */ = {
			isa = PBXVariantGroup;
			children = (
				E15325B42424ABBF004756DC /* Base */,
			);
			name = Main.storyboard;
			sourceTree = "<group>";
		};
		E15325B82424ABC1004756DC /* LaunchScreen.storyboard */ = {
			isa = PBXVariantGroup;
			children = (
				E15325B92424ABC1004756DC /* Base */,
			);
			name = LaunchScreen.storyboard;
			sourceTree = "<group>";
		};
/* End PBXVariantGroup section */

/* Begin XCBuildConfiguration section */
		E15325D22424ABC1004756DC /* Debug */ = {
			isa = XCBuildConfiguration;
			buildSettings = {
				ALWAYS_SEARCH_USER_PATHS = NO;
				CLANG_ANALYZER_NONNULL = YES;
				CLANG_ANALYZER_NUMBER_OBJECT_CONVERSION = YES_AGGRESSIVE;
				CLANG_CXX_LANGUAGE_STANDARD = "gnu++14";
				CLANG_CXX_LIBRARY = "libc++";
				CLANG_ENABLE_MODULES = YES;
				CLANG_ENABLE_OBJC_ARC = YES;
				CLANG_ENABLE_OBJC_WEAK = YES;
				CLANG_WARN_BLOCK_CAPTURE_AUTORELEASING = YES;
				CLANG_WARN_BOOL_CONVERSION = YES;
				CLANG_WARN_COMMA = YES;
				CLANG_WARN_CONSTANT_CONVERSION = YES;
				CLANG_WARN_DEPRECATED_OBJC_IMPLEMENTATIONS = YES;
				CLANG_WARN_DIRECT_OBJC_ISA_USAGE = YES_ERROR;
				CLANG_WARN_DOCUMENTATION_COMMENTS = YES;
				CLANG_WARN_EMPTY_BODY = YES;
				CLANG_WARN_ENUM_CONVERSION = YES;
				CLANG_WARN_INFINITE_RECURSION = YES;
				CLANG_WARN_INT_CONVERSION = YES;
				CLANG_WARN_NON_LITERAL_NULL_CONVERSION = YES;
				CLANG_WARN_OBJC_IMPLICIT_RETAIN_SELF = YES;
				CLANG_WARN_OBJC_LITERAL_CONVERSION = YES;
				CLANG_WARN_OBJC_ROOT_CLASS = YES_ERROR;
				CLANG_WARN_RANGE_LOOP_ANALYSIS = YES;
				CLANG_WARN_STRICT_PROTOTYPES = YES;
				CLANG_WARN_SUSPICIOUS_MOVE = YES;
				CLANG_WARN_UNGUARDED_AVAILABILITY = YES_AGGRESSIVE;
				CLANG_WARN_UNREACHABLE_CODE = YES;
				CLANG_WARN__DUPLICATE_METHOD_MATCH = YES;
				COPY_PHASE_STRIP = NO;
				DEBUG_INFORMATION_FORMAT = dwarf;
				ENABLE_STRICT_OBJC_MSGSEND = YES;
				ENABLE_TESTABILITY = YES;
				GCC_C_LANGUAGE_STANDARD = gnu11;
				GCC_DYNAMIC_NO_PIC = NO;
				GCC_NO_COMMON_BLOCKS = YES;
				GCC_OPTIMIZATION_LEVEL = 0;
				GCC_PREPROCESSOR_DEFINITIONS = (
					"DEBUG=1",
					"$(inherited)",
				);
				GCC_WARN_64_TO_32_BIT_CONVERSION = YES;
				GCC_WARN_ABOUT_RETURN_TYPE = YES_ERROR;
				GCC_WARN_UNDECLARED_SELECTOR = YES;
				GCC_WARN_UNINITIALIZED_AUTOS = YES_AGGRESSIVE;
				GCC_WARN_UNUSED_FUNCTION = YES;
				GCC_WARN_UNUSED_VARIABLE = YES;
				IPHONEOS_DEPLOYMENT_TARGET = 13.2;
				MTL_ENABLE_DEBUG_INFO = INCLUDE_SOURCE;
				MTL_FAST_MATH = YES;
				ONLY_ACTIVE_ARCH = YES;
				SDKROOT = iphoneos;
				SWIFT_ACTIVE_COMPILATION_CONDITIONS = DEBUG;
				SWIFT_OPTIMIZATION_LEVEL = "-Onone";
			};
			name = Debug;
		};
		E15325D32424ABC1004756DC /* Release */ = {
			isa = XCBuildConfiguration;
			buildSettings = {
				ALWAYS_SEARCH_USER_PATHS = NO;
				CLANG_ANALYZER_NONNULL = YES;
				CLANG_ANALYZER_NUMBER_OBJECT_CONVERSION = YES_AGGRESSIVE;
				CLANG_CXX_LANGUAGE_STANDARD = "gnu++14";
				CLANG_CXX_LIBRARY = "libc++";
				CLANG_ENABLE_MODULES = YES;
				CLANG_ENABLE_OBJC_ARC = YES;
				CLANG_ENABLE_OBJC_WEAK = YES;
				CLANG_WARN_BLOCK_CAPTURE_AUTORELEASING = YES;
				CLANG_WARN_BOOL_CONVERSION = YES;
				CLANG_WARN_COMMA = YES;
				CLANG_WARN_CONSTANT_CONVERSION = YES;
				CLANG_WARN_DEPRECATED_OBJC_IMPLEMENTATIONS = YES;
				CLANG_WARN_DIRECT_OBJC_ISA_USAGE = YES_ERROR;
				CLANG_WARN_DOCUMENTATION_COMMENTS = YES;
				CLANG_WARN_EMPTY_BODY = YES;
				CLANG_WARN_ENUM_CONVERSION = YES;
				CLANG_WARN_INFINITE_RECURSION = YES;
				CLANG_WARN_INT_CONVERSION = YES;
				CLANG_WARN_NON_LITERAL_NULL_CONVERSION = YES;
				CLANG_WARN_OBJC_IMPLICIT_RETAIN_SELF = YES;
				CLANG_WARN_OBJC_LITERAL_CONVERSION = YES;
				CLANG_WARN_OBJC_ROOT_CLASS = YES_ERROR;
				CLANG_WARN_RANGE_LOOP_ANALYSIS = YES;
				CLANG_WARN_STRICT_PROTOTYPES = YES;
				CLANG_WARN_SUSPICIOUS_MOVE = YES;
				CLANG_WARN_UNGUARDED_AVAILABILITY = YES_AGGRESSIVE;
				CLANG_WARN_UNREACHABLE_CODE = YES;
				CLANG_WARN__DUPLICATE_METHOD_MATCH = YES;
				COPY_PHASE_STRIP = NO;
				DEBUG_INFORMATION_FORMAT = "dwarf-with-dsym";
				ENABLE_NS_ASSERTIONS = NO;
				ENABLE_STRICT_OBJC_MSGSEND = YES;
				GCC_C_LANGUAGE_STANDARD = gnu11;
				GCC_NO_COMMON_BLOCKS = YES;
				GCC_WARN_64_TO_32_BIT_CONVERSION = YES;
				GCC_WARN_ABOUT_RETURN_TYPE = YES_ERROR;
				GCC_WARN_UNDECLARED_SELECTOR = YES;
				GCC_WARN_UNINITIALIZED_AUTOS = YES_AGGRESSIVE;
				GCC_WARN_UNUSED_FUNCTION = YES;
				GCC_WARN_UNUSED_VARIABLE = YES;
				IPHONEOS_DEPLOYMENT_TARGET = 13.2;
				MTL_ENABLE_DEBUG_INFO = NO;
				MTL_FAST_MATH = YES;
				SDKROOT = iphoneos;
				SWIFT_COMPILATION_MODE = wholemodule;
				SWIFT_OPTIMIZATION_LEVEL = "-O";
				VALIDATE_PRODUCT = YES;
			};
			name = Release;
		};
		E15325D52424ABC1004756DC /* Debug */ = {
			isa = XCBuildConfiguration;
			baseConfigurationReference = 991169DE677BCDC3D8292EB8 /* Pods-ShreyanshProject.debug.xcconfig */;
			buildSettings = {
				ASSETCATALOG_COMPILER_APPICON_NAME = AppIcon;
				CODE_SIGN_ENTITLEMENTS = ShreyanshProject/ShreyanshProject.entitlements;
				CODE_SIGN_STYLE = Automatic;
				INFOPLIST_FILE = ShreyanshProject/Info.plist;
				LD_RUNPATH_SEARCH_PATHS = (
					"$(inherited)",
					"@executable_path/Frameworks",
				);
				PRODUCT_BUNDLE_IDENTIFIER = com.shreyansh.ShreyanshProject;
				PRODUCT_NAME = "$(TARGET_NAME)";
				SWIFT_VERSION = 5.0;
				TARGETED_DEVICE_FAMILY = "1,2";
			};
			name = Debug;
		};
		E15325D62424ABC1004756DC /* Release */ = {
			isa = XCBuildConfiguration;
			baseConfigurationReference = A51ECAD667C8EDFC969AACDB /* Pods-ShreyanshProject.release.xcconfig */;
			buildSettings = {
				ASSETCATALOG_COMPILER_APPICON_NAME = AppIcon;
				CODE_SIGN_ENTITLEMENTS = ShreyanshProject/ShreyanshProject.entitlements;
				CODE_SIGN_STYLE = Automatic;
				INFOPLIST_FILE = ShreyanshProject/Info.plist;
				LD_RUNPATH_SEARCH_PATHS = (
					"$(inherited)",
					"@executable_path/Frameworks",
				);
				PRODUCT_BUNDLE_IDENTIFIER = com.shreyansh.ShreyanshProject;
				PRODUCT_NAME = "$(TARGET_NAME)";
				SWIFT_VERSION = 5.0;
				TARGETED_DEVICE_FAMILY = "1,2";
			};
			name = Release;
		};
		E15325D82424ABC1004756DC /* Debug */ = {
			isa = XCBuildConfiguration;
			baseConfigurationReference = EA61616F0BE82A1E949186A2 /* Pods-ShreyanshProjectTests.debug.xcconfig */;
			buildSettings = {
				ALWAYS_EMBED_SWIFT_STANDARD_LIBRARIES = YES;
				BUNDLE_LOADER = "$(TEST_HOST)";
				CODE_SIGN_STYLE = Automatic;
				INFOPLIST_FILE = ShreyanshProjectTests/Info.plist;
				IPHONEOS_DEPLOYMENT_TARGET = 13.2;
				LD_RUNPATH_SEARCH_PATHS = (
					"$(inherited)",
					"@executable_path/Frameworks",
					"@loader_path/Frameworks",
				);
				PRODUCT_BUNDLE_IDENTIFIER = com.shreyansh.ShreyanshProjectTests;
				PRODUCT_NAME = "$(TARGET_NAME)";
				SWIFT_VERSION = 5.0;
				TARGETED_DEVICE_FAMILY = "1,2";
				TEST_HOST = "$(BUILT_PRODUCTS_DIR)/ShreyanshProject.app/ShreyanshProject";
			};
			name = Debug;
		};
		E15325D92424ABC1004756DC /* Release */ = {
			isa = XCBuildConfiguration;
			baseConfigurationReference = 0C66F3143BBE511808C56A9D /* Pods-ShreyanshProjectTests.release.xcconfig */;
			buildSettings = {
				ALWAYS_EMBED_SWIFT_STANDARD_LIBRARIES = YES;
				BUNDLE_LOADER = "$(TEST_HOST)";
				CODE_SIGN_STYLE = Automatic;
				INFOPLIST_FILE = ShreyanshProjectTests/Info.plist;
				IPHONEOS_DEPLOYMENT_TARGET = 13.2;
				LD_RUNPATH_SEARCH_PATHS = (
					"$(inherited)",
					"@executable_path/Frameworks",
					"@loader_path/Frameworks",
				);
				PRODUCT_BUNDLE_IDENTIFIER = com.shreyansh.ShreyanshProjectTests;
				PRODUCT_NAME = "$(TARGET_NAME)";
				SWIFT_VERSION = 5.0;
				TARGETED_DEVICE_FAMILY = "1,2";
				TEST_HOST = "$(BUILT_PRODUCTS_DIR)/ShreyanshProject.app/ShreyanshProject";
			};
			name = Release;
		};
		E15325DB2424ABC1004756DC /* Debug */ = {
			isa = XCBuildConfiguration;
			baseConfigurationReference = 70E2041965B0B6B8428AD445 /* Pods-ShreyanshProject-ShreyanshProjectUITests.debug.xcconfig */;
			buildSettings = {
				ALWAYS_EMBED_SWIFT_STANDARD_LIBRARIES = YES;
				CODE_SIGN_STYLE = Automatic;
				INFOPLIST_FILE = ShreyanshProjectUITests/Info.plist;
				LD_RUNPATH_SEARCH_PATHS = (
					"$(inherited)",
					"@executable_path/Frameworks",
					"@loader_path/Frameworks",
				);
				PRODUCT_BUNDLE_IDENTIFIER = com.shreyansh.ShreyanshProjectUITests;
				PRODUCT_NAME = "$(TARGET_NAME)";
				SWIFT_VERSION = 5.0;
				TARGETED_DEVICE_FAMILY = "1,2";
				TEST_TARGET_NAME = ShreyanshProject;
			};
			name = Debug;
		};
		E15325DC2424ABC1004756DC /* Release */ = {
			isa = XCBuildConfiguration;
			baseConfigurationReference = A5CE395E528D1891017CA9ED /* Pods-ShreyanshProject-ShreyanshProjectUITests.release.xcconfig */;
			buildSettings = {
				ALWAYS_EMBED_SWIFT_STANDARD_LIBRARIES = YES;
				CODE_SIGN_STYLE = Automatic;
				INFOPLIST_FILE = ShreyanshProjectUITests/Info.plist;
				LD_RUNPATH_SEARCH_PATHS = (
					"$(inherited)",
					"@executable_path/Frameworks",
					"@loader_path/Frameworks",
				);
				PRODUCT_BUNDLE_IDENTIFIER = com.shreyansh.ShreyanshProjectUITests;
				PRODUCT_NAME = "$(TARGET_NAME)";
				SWIFT_VERSION = 5.0;
				TARGETED_DEVICE_FAMILY = "1,2";
				TEST_TARGET_NAME = ShreyanshProject;
			};
			name = Release;
		};
/* End XCBuildConfiguration section */

/* Begin XCConfigurationList section */
		E15325A52424ABBF004756DC /* Build configuration list for PBXProject "ShreyanshProject" */ = {
			isa = XCConfigurationList;
			buildConfigurations = (
				E15325D22424ABC1004756DC /* Debug */,
				E15325D32424ABC1004756DC /* Release */,
			);
			defaultConfigurationIsVisible = 0;
			defaultConfigurationName = Release;
		};
		E15325D42424ABC1004756DC /* Build configuration list for PBXNativeTarget "ShreyanshProject" */ = {
			isa = XCConfigurationList;
			buildConfigurations = (
				E15325D52424ABC1004756DC /* Debug */,
				E15325D62424ABC1004756DC /* Release */,
			);
			defaultConfigurationIsVisible = 0;
			defaultConfigurationName = Release;
		};
		E15325D72424ABC1004756DC /* Build configuration list for PBXNativeTarget "ShreyanshProjectTests" */ = {
			isa = XCConfigurationList;
			buildConfigurations = (
				E15325D82424ABC1004756DC /* Debug */,
				E15325D92424ABC1004756DC /* Release */,
			);
			defaultConfigurationIsVisible = 0;
			defaultConfigurationName = Release;
		};
		E15325DA2424ABC1004756DC /* Build configuration list for PBXNativeTarget "ShreyanshProjectUITests" */ = {
			isa = XCConfigurationList;
			buildConfigurations = (
				E15325DB2424ABC1004756DC /* Debug */,
				E15325DC2424ABC1004756DC /* Release */,
			);
			defaultConfigurationIsVisible = 0;
			defaultConfigurationName = Release;
		};
/* End XCConfigurationList section */
	};
	rootObject = E15325A22424ABBF004756DC /* Project object */;
}
