// !$*UTF8*$!
{
	archiveVersion = 1;
	classes = {
	};
	objectVersion = 50;
	objects = {

/* Begin PBXBuildFile section */
		E105ECE4242A0922001E0D02 /* CountryAndLanguageViewController.swift in Sources */ = {isa = PBXBuildFile; fileRef = E105ECE3242A0922001E0D02 /* CountryAndLanguageViewController.swift */; };
		E105ECEC242A09EB001E0D02 /* LanguageListTableViewCell.swift in Sources */ = {isa = PBXBuildFile; fileRef = E105ECEA242A09EB001E0D02 /* LanguageListTableViewCell.swift */; };
		E105ECED242A09EB001E0D02 /* LanguageListTableViewCell.xib in Resources */ = {isa = PBXBuildFile; fileRef = E105ECEB242A09EB001E0D02 /* LanguageListTableViewCell.xib */; };
		E105ECF0242A138C001E0D02 /* CountryListTableViewCell.swift in Sources */ = {isa = PBXBuildFile; fileRef = E105ECEE242A138C001E0D02 /* CountryListTableViewCell.swift */; };
		E105ECF1242A138C001E0D02 /* CountryListTableViewCell.xib in Resources */ = {isa = PBXBuildFile; fileRef = E105ECEF242A138C001E0D02 /* CountryListTableViewCell.xib */; };
		E1291D59242548A6006112E6 /* RegistrationViewController.swift in Sources */ = {isa = PBXBuildFile; fileRef = E1291D58242548A6006112E6 /* RegistrationViewController.swift */; };
		E1291D5B242548B4006112E6 /* LoginViewController.swift in Sources */ = {isa = PBXBuildFile; fileRef = E1291D5A242548B4006112E6 /* LoginViewController.swift */; };
		E15325AE2424ABBF004756DC /* AppDelegate.swift in Sources */ = {isa = PBXBuildFile; fileRef = E15325AD2424ABBF004756DC /* AppDelegate.swift */; };
		E15325B02424ABBF004756DC /* SceneDelegate.swift in Sources */ = {isa = PBXBuildFile; fileRef = E15325AF2424ABBF004756DC /* SceneDelegate.swift */; };
		E15325B22424ABBF004756DC /* ViewController.swift in Sources */ = {isa = PBXBuildFile; fileRef = E15325B12424ABBF004756DC /* ViewController.swift */; };
		E15325B52424ABBF004756DC /* Main.storyboard in Resources */ = {isa = PBXBuildFile; fileRef = E15325B32424ABBF004756DC /* Main.storyboard */; };
		E15325B72424ABC1004756DC /* Assets.xcassets in Resources */ = {isa = PBXBuildFile; fileRef = E15325B62424ABC1004756DC /* Assets.xcassets */; };
		E15325BA2424ABC1004756DC /* LaunchScreen.storyboard in Resources */ = {isa = PBXBuildFile; fileRef = E15325B82424ABC1004756DC /* LaunchScreen.storyboard */; };
		E15325C52424ABC1004756DC /* ShreyanshProjectTests.swift in Sources */ = {isa = PBXBuildFile; fileRef = E15325C42424ABC1004756DC /* ShreyanshProjectTests.swift */; };
		E15325D02424ABC1004756DC /* ShreyanshProjectUITests.swift in Sources */ = {isa = PBXBuildFile; fileRef = E15325CF2424ABC1004756DC /* ShreyanshProjectUITests.swift */; };
		E17EDB6B24274AAC00310BC0 /* CountryTableViewCell.swift in Sources */ = {isa = PBXBuildFile; fileRef = E17EDB6924274AAC00310BC0 /* CountryTableViewCell.swift */; };
		E17EDB6C24274AAC00310BC0 /* CountryTableViewCell.xib in Resources */ = {isa = PBXBuildFile; fileRef = E17EDB6A24274AAC00310BC0 /* CountryTableViewCell.xib */; };
		E17EDB6F24274C8E00310BC0 /* LanguageTableViewCell.swift in Sources */ = {isa = PBXBuildFile; fileRef = E17EDB6D24274C8E00310BC0 /* LanguageTableViewCell.swift */; };
		E17EDB7024274C8E00310BC0 /* LanguageTableViewCell.xib in Resources */ = {isa = PBXBuildFile; fileRef = E17EDB6E24274C8E00310BC0 /* LanguageTableViewCell.xib */; };
		E19640062424B0C7009F50C3 /* HomeViewController.swift in Sources */ = {isa = PBXBuildFile; fileRef = E19640052424B0C7009F50C3 /* HomeViewController.swift */; };
		E19640082424B0D3009F50C3 /* AccountViewController.swift in Sources */ = {isa = PBXBuildFile; fileRef = E19640072424B0D3009F50C3 /* AccountViewController.swift */; };
		E196400A2424B0E5009F50C3 /* MyCartViewController.swift in Sources */ = {isa = PBXBuildFile; fileRef = E19640092424B0E5009F50C3 /* MyCartViewController.swift */; };
		E196400C2424B0F3009F50C3 /* WishlistViewController.swift in Sources */ = {isa = PBXBuildFile; fileRef = E196400B2424B0F3009F50C3 /* WishlistViewController.swift */; };
		E196400E2424B104009F50C3 /* CategoriesViewController.swift in Sources */ = {isa = PBXBuildFile; fileRef = E196400D2424B104009F50C3 /* CategoriesViewController.swift */; };
		E19640112424B1A2009F50C3 /* MainTabBarController.swift in Sources */ = {isa = PBXBuildFile; fileRef = E19640102424B1A2009F50C3 /* MainTabBarController.swift */; };
		E19640142424E7BF009F50C3 /* AccountTableViewCell.swift in Sources */ = {isa = PBXBuildFile; fileRef = E19640122424E7BF009F50C3 /* AccountTableViewCell.swift */; };
		E19640152424E7BF009F50C3 /* AccountTableViewCell.xib in Resources */ = {isa = PBXBuildFile; fileRef = E19640132424E7BF009F50C3 /* AccountTableViewCell.xib */; };
/* End PBXBuildFile section */

/* Begin PBXContainerItemProxy section */
		E15325C12424ABC1004756DC /* PBXContainerItemProxy */ = {
			isa = PBXContainerItemProxy;
			containerPortal = E15325A22424ABBF004756DC /* Project object */;
			proxyType = 1;
			remoteGlobalIDString = E15325A92424ABBF004756DC;
			remoteInfo = ShreyanshProject;
		};
		E15325CC2424ABC1004756DC /* PBXContainerItemProxy */ = {
			isa = PBXContainerItemProxy;
			containerPortal = E15325A22424ABBF004756DC /* Project object */;
			proxyType = 1;
			remoteGlobalIDString = E15325A92424ABBF004756DC;
			remoteInfo = ShreyanshProject;
		};
/* End PBXContainerItemProxy section */

/* Begin PBXFileReference section */
		E105ECE3242A0922001E0D02 /* CountryAndLanguageViewController.swift */ = {isa = PBXFileReference; lastKnownFileType = sourcecode.swift; path = CountryAndLanguageViewController.swift; sourceTree = "<group>"; };
		E105ECEA242A09EB001E0D02 /* LanguageListTableViewCell.swift */ = {isa = PBXFileReference; lastKnownFileType = sourcecode.swift; path = LanguageListTableViewCell.swift; sourceTree = "<group>"; };
		E105ECEB242A09EB001E0D02 /* LanguageListTableViewCell.xib */ = {isa = PBXFileReference; lastKnownFileType = file.xib; path = LanguageListTableViewCell.xib; sourceTree = "<group>"; };
		E105ECEE242A138C001E0D02 /* CountryListTableViewCell.swift */ = {isa = PBXFileReference; lastKnownFileType = sourcecode.swift; path = CountryListTableViewCell.swift; sourceTree = "<group>"; };
		E105ECEF242A138C001E0D02 /* CountryListTableViewCell.xib */ = {isa = PBXFileReference; lastKnownFileType = file.xib; path = CountryListTableViewCell.xib; sourceTree = "<group>"; };
		E1291D58242548A6006112E6 /* RegistrationViewController.swift */ = {isa = PBXFileReference; lastKnownFileType = sourcecode.swift; path = RegistrationViewController.swift; sourceTree = "<group>"; };
		E1291D5A242548B4006112E6 /* LoginViewController.swift */ = {isa = PBXFileReference; lastKnownFileType = sourcecode.swift; path = LoginViewController.swift; sourceTree = "<group>"; };
		E15325AA2424ABBF004756DC /* ShreyanshProject.app */ = {isa = PBXFileReference; explicitFileType = wrapper.application; includeInIndex = 0; path = ShreyanshProject.app; sourceTree = BUILT_PRODUCTS_DIR; };
		E15325AD2424ABBF004756DC /* AppDelegate.swift */ = {isa = PBXFileReference; lastKnownFileType = sourcecode.swift; path = AppDelegate.swift; sourceTree = "<group>"; };
		E15325AF2424ABBF004756DC /* SceneDelegate.swift */ = {isa = PBXFileReference; lastKnownFileType = sourcecode.swift; path = SceneDelegate.swift; sourceTree = "<group>"; };
		E15325B12424ABBF004756DC /* ViewController.swift */ = {isa = PBXFileReference; lastKnownFileType = sourcecode.swift; path = ViewController.swift; sourceTree = "<group>"; };
		E15325B42424ABBF004756DC /* Base */ = {isa = PBXFileReference; lastKnownFileType = file.storyboard; name = Base; path = Base.lproj/Main.storyboard; sourceTree = "<group>"; };
		E15325B62424ABC1004756DC /* Assets.xcassets */ = {isa = PBXFileReference; lastKnownFileType = folder.assetcatalog; path = Assets.xcassets; sourceTree = "<group>"; };
		E15325B92424ABC1004756DC /* Base */ = {isa = PBXFileReference; lastKnownFileType = file.storyboard; name = Base; path = Base.lproj/LaunchScreen.storyboard; sourceTree = "<group>"; };
		E15325BB2424ABC1004756DC /* Info.plist */ = {isa = PBXFileReference; lastKnownFileType = text.plist.xml; path = Info.plist; sourceTree = "<group>"; };
		E15325C02424ABC1004756DC /* ShreyanshProjectTests.xctest */ = {isa = PBXFileReference; explicitFileType = wrapper.cfbundle; includeInIndex = 0; path = ShreyanshProjectTests.xctest; sourceTree = BUILT_PRODUCTS_DIR; };
		E15325C42424ABC1004756DC /* ShreyanshProjectTests.swift */ = {isa = PBXFileReference; lastKnownFileType = sourcecode.swift; path = ShreyanshProjectTests.swift; sourceTree = "<group>"; };
		E15325C62424ABC1004756DC /* Info.plist */ = {isa = PBXFileReference; lastKnownFileType = text.plist.xml; path = Info.plist; sourceTree = "<group>"; };
		E15325CB2424ABC1004756DC /* ShreyanshProjectUITests.xctest */ = {isa = PBXFileReference; explicitFileType = wrapper.cfbundle; includeInIndex = 0; path = ShreyanshProjectUITests.xctest; sourceTree = BUILT_PRODUCTS_DIR; };
		E15325CF2424ABC1004756DC /* ShreyanshProjectUITests.swift */ = {isa = PBXFileReference; lastKnownFileType = sourcecode.swift; path = ShreyanshProjectUITests.swift; sourceTree = "<group>"; };
		E15325D12424ABC1004756DC /* Info.plist */ = {isa = PBXFileReference; lastKnownFileType = text.plist.xml; path = Info.plist; sourceTree = "<group>"; };
		E17EDB6924274AAC00310BC0 /* CountryTableViewCell.swift */ = {isa = PBXFileReference; lastKnownFileType = sourcecode.swift; path = CountryTableViewCell.swift; sourceTree = "<group>"; };
		E17EDB6A24274AAC00310BC0 /* CountryTableViewCell.xib */ = {isa = PBXFileReference; lastKnownFileType = file.xib; path = CountryTableViewCell.xib; sourceTree = "<group>"; };
		E17EDB6D24274C8E00310BC0 /* LanguageTableViewCell.swift */ = {isa = PBXFileReference; lastKnownFileType = sourcecode.swift; path = LanguageTableViewCell.swift; sourceTree = "<group>"; };
		E17EDB6E24274C8E00310BC0 /* LanguageTableViewCell.xib */ = {isa = PBXFileReference; lastKnownFileType = file.xib; path = LanguageTableViewCell.xib; sourceTree = "<group>"; };
		E19640052424B0C7009F50C3 /* HomeViewController.swift */ = {isa = PBXFileReference; lastKnownFileType = sourcecode.swift; path = HomeViewController.swift; sourceTree = "<group>"; };
		E19640072424B0D3009F50C3 /* AccountViewController.swift */ = {isa = PBXFileReference; lastKnownFileType = sourcecode.swift; path = AccountViewController.swift; sourceTree = "<group>"; };
		E19640092424B0E5009F50C3 /* MyCartViewController.swift */ = {isa = PBXFileReference; lastKnownFileType = sourcecode.swift; path = MyCartViewController.swift; sourceTree = "<group>"; };
		E196400B2424B0F3009F50C3 /* WishlistViewController.swift */ = {isa = PBXFileReference; lastKnownFileType = sourcecode.swift; path = WishlistViewController.swift; sourceTree = "<group>"; };
		E196400D2424B104009F50C3 /* CategoriesViewController.swift */ = {isa = PBXFileReference; lastKnownFileType = sourcecode.swift; path = CategoriesViewController.swift; sourceTree = "<group>"; };
		E19640102424B1A2009F50C3 /* MainTabBarController.swift */ = {isa = PBXFileReference; lastKnownFileType = sourcecode.swift; path = MainTabBarController.swift; sourceTree = "<group>"; };
		E19640122424E7BF009F50C3 /* AccountTableViewCell.swift */ = {isa = PBXFileReference; lastKnownFileType = sourcecode.swift; path = AccountTableViewCell.swift; sourceTree = "<group>"; };
		E19640132424E7BF009F50C3 /* AccountTableViewCell.xib */ = {isa = PBXFileReference; lastKnownFileType = file.xib; path = AccountTableViewCell.xib; sourceTree = "<group>"; };
/* End PBXFileReference section */

/* Begin PBXFrameworksBuildPhase section */
		E15325A72424ABBF004756DC /* Frameworks */ = {
			isa = PBXFrameworksBuildPhase;
			buildActionMask = 2147483647;
			files = (
			);
			runOnlyForDeploymentPostprocessing = 0;
		};
		E15325BD2424ABC1004756DC /* Frameworks */ = {
			isa = PBXFrameworksBuildPhase;
			buildActionMask = 2147483647;
			files = (
			);
			runOnlyForDeploymentPostprocessing = 0;
		};
		E15325C82424ABC1004756DC /* Frameworks */ = {
			isa = PBXFrameworksBuildPhase;
			buildActionMask = 2147483647;
			files = (
			);
			runOnlyForDeploymentPostprocessing = 0;
		};
/* End PBXFrameworksBuildPhase section */

/* Begin PBXGroup section */
		E105ECE9242A094E001E0D02 /* Country And Language */ = {
			isa = PBXGroup;
			children = (
				E105ECE3242A0922001E0D02 /* CountryAndLanguageViewController.swift */,
				E105ECEA242A09EB001E0D02 /* LanguageListTableViewCell.swift */,
				E105ECEB242A09EB001E0D02 /* LanguageListTableViewCell.xib */,
				E105ECEE242A138C001E0D02 /* CountryListTableViewCell.swift */,
				E105ECEF242A138C001E0D02 /* CountryListTableViewCell.xib */,
			);
			path = "Country And Language";
			sourceTree = "<group>";
		};
		E15325A12424ABBF004756DC = {
			isa = PBXGroup;
			children = (
				E15325AC2424ABBF004756DC /* ShreyanshProject */,
				E15325C32424ABC1004756DC /* ShreyanshProjectTests */,
				E15325CE2424ABC1004756DC /* ShreyanshProjectUITests */,
				E15325AB2424ABBF004756DC /* Products */,
			);
			sourceTree = "<group>";
		};
		E15325AB2424ABBF004756DC /* Products */ = {
			isa = PBXGroup;
			children = (
				E15325AA2424ABBF004756DC /* ShreyanshProject.app */,
				E15325C02424ABC1004756DC /* ShreyanshProjectTests.xctest */,
				E15325CB2424ABC1004756DC /* ShreyanshProjectUITests.xctest */,
			);
			name = Products;
			sourceTree = "<group>";
		};
		E15325AC2424ABBF004756DC /* ShreyanshProject */ = {
			isa = PBXGroup;
			children = (
				E15325AD2424ABBF004756DC /* AppDelegate.swift */,
				E15325AF2424ABBF004756DC /* SceneDelegate.swift */,
				E15325B12424ABBF004756DC /* ViewController.swift */,
				E15325B32424ABBF004756DC /* Main.storyboard */,
				E15325B62424ABC1004756DC /* Assets.xcassets */,
				E15325B82424ABC1004756DC /* LaunchScreen.storyboard */,
				E15325BB2424ABC1004756DC /* Info.plist */,
				E1291D58242548A6006112E6 /* RegistrationViewController.swift */,
				E1291D5A242548B4006112E6 /* LoginViewController.swift */,
				E196400F2424B111009F50C3 /* MainTabBar */,
				E17EDB6824274A6700310BC0 /* TableViewCell */,
				E105ECE9242A094E001E0D02 /* Country And Language */,
			);
			path = ShreyanshProject;
			sourceTree = "<group>";
		};
		E15325C32424ABC1004756DC /* ShreyanshProjectTests */ = {
			isa = PBXGroup;
			children = (
				E15325C42424ABC1004756DC /* ShreyanshProjectTests.swift */,
				E15325C62424ABC1004756DC /* Info.plist */,
			);
			path = ShreyanshProjectTests;
			sourceTree = "<group>";
		};
		E15325CE2424ABC1004756DC /* ShreyanshProjectUITests */ = {
			isa = PBXGroup;
			children = (
				E15325CF2424ABC1004756DC /* ShreyanshProjectUITests.swift */,
				E15325D12424ABC1004756DC /* Info.plist */,
			);
			path = ShreyanshProjectUITests;
			sourceTree = "<group>";
		};
		E17EDB6824274A6700310BC0 /* TableViewCell */ = {
			isa = PBXGroup;
			children = (
				E19640122424E7BF009F50C3 /* AccountTableViewCell.swift */,
				E19640132424E7BF009F50C3 /* AccountTableViewCell.xib */,
				E17EDB6924274AAC00310BC0 /* CountryTableViewCell.swift */,
				E17EDB6A24274AAC00310BC0 /* CountryTableViewCell.xib */,
				E17EDB6D24274C8E00310BC0 /* LanguageTableViewCell.swift */,
				E17EDB6E24274C8E00310BC0 /* LanguageTableViewCell.xib */,
			);
			path = TableViewCell;
			sourceTree = "<group>";
		};
		E196400F2424B111009F50C3 /* MainTabBar */ = {
			isa = PBXGroup;
			children = (
				E19640052424B0C7009F50C3 /* HomeViewController.swift */,
				E19640072424B0D3009F50C3 /* AccountViewController.swift */,
				E19640092424B0E5009F50C3 /* MyCartViewController.swift */,
				E196400B2424B0F3009F50C3 /* WishlistViewController.swift */,
				E196400D2424B104009F50C3 /* CategoriesViewController.swift */,
				E19640102424B1A2009F50C3 /* MainTabBarController.swift */,
			);
			path = MainTabBar;
			sourceTree = "<group>";
		};
/* End PBXGroup section */

/* Begin PBXNativeTarget section */
		E15325A92424ABBF004756DC /* ShreyanshProject */ = {
			isa = PBXNativeTarget;
			buildConfigurationList = E15325D42424ABC1004756DC /* Build configuration list for PBXNativeTarget "ShreyanshProject" */;
			buildPhases = (
				E15325A62424ABBF004756DC /* Sources */,
				E15325A72424ABBF004756DC /* Frameworks */,
				E15325A82424ABBF004756DC /* Resources */,
			);
			buildRules = (
			);
			dependencies = (
			);
			name = ShreyanshProject;
			productName = ShreyanshProject;
			productReference = E15325AA2424ABBF004756DC /* ShreyanshProject.app */;
			productType = "com.apple.product-type.application";
		};
		E15325BF2424ABC1004756DC /* ShreyanshProjectTests */ = {
			isa = PBXNativeTarget;
			buildConfigurationList = E15325D72424ABC1004756DC /* Build configuration list for PBXNativeTarget "ShreyanshProjectTests" */;
			buildPhases = (
				E15325BC2424ABC1004756DC /* Sources */,
				E15325BD2424ABC1004756DC /* Frameworks */,
				E15325BE2424ABC1004756DC /* Resources */,
			);
			buildRules = (
			);
			dependencies = (
				E15325C22424ABC1004756DC /* PBXTargetDependency */,
			);
			name = ShreyanshProjectTests;
			productName = ShreyanshProjectTests;
			productReference = E15325C02424ABC1004756DC /* ShreyanshProjectTests.xctest */;
			productType = "com.apple.product-type.bundle.unit-test";
		};
		E15325CA2424ABC1004756DC /* ShreyanshProjectUITests */ = {
			isa = PBXNativeTarget;
			buildConfigurationList = E15325DA2424ABC1004756DC /* Build configuration list for PBXNativeTarget "ShreyanshProjectUITests" */;
			buildPhases = (
				E15325C72424ABC1004756DC /* Sources */,
				E15325C82424ABC1004756DC /* Frameworks */,
				E15325C92424ABC1004756DC /* Resources */,
			);
			buildRules = (
			);
			dependencies = (
				E15325CD2424ABC1004756DC /* PBXTargetDependency */,
			);
			name = ShreyanshProjectUITests;
			productName = ShreyanshProjectUITests;
			productReference = E15325CB2424ABC1004756DC /* ShreyanshProjectUITests.xctest */;
			productType = "com.apple.product-type.bundle.ui-testing";
		};
/* End PBXNativeTarget section */

/* Begin PBXProject section */
		E15325A22424ABBF004756DC /* Project object */ = {
			isa = PBXProject;
			attributes = {
				LastSwiftUpdateCheck = 1130;
				LastUpgradeCheck = 1130;
				ORGANIZATIONNAME = "Shreyansh Raj";
				TargetAttributes = {
					E15325A92424ABBF004756DC = {
						CreatedOnToolsVersion = 11.3.1;
					};
					E15325BF2424ABC1004756DC = {
						CreatedOnToolsVersion = 11.3.1;
						TestTargetID = E15325A92424ABBF004756DC;
					};
					E15325CA2424ABC1004756DC = {
						CreatedOnToolsVersion = 11.3.1;
						TestTargetID = E15325A92424ABBF004756DC;
					};
				};
			};
			buildConfigurationList = E15325A52424ABBF004756DC /* Build configuration list for PBXProject "ShreyanshProject" */;
			compatibilityVersion = "Xcode 9.3";
			developmentRegion = en;
			hasScannedForEncodings = 0;
			knownRegions = (
				en,
				Base,
			);
			mainGroup = E15325A12424ABBF004756DC;
			productRefGroup = E15325AB2424ABBF004756DC /* Products */;
			projectDirPath = "";
			projectRoot = "";
			targets = (
				E15325A92424ABBF004756DC /* ShreyanshProject */,
				E15325BF2424ABC1004756DC /* ShreyanshProjectTests */,
				E15325CA2424ABC1004756DC /* ShreyanshProjectUITests */,
			);
		};
/* End PBXProject section */

/* Begin PBXResourcesBuildPhase section */
		E15325A82424ABBF004756DC /* Resources */ = {
			isa = PBXResourcesBuildPhase;
			buildActionMask = 2147483647;
			files = (
				E105ECF1242A138C001E0D02 /* CountryListTableViewCell.xib in Resources */,
				E15325BA2424ABC1004756DC /* LaunchScreen.storyboard in Resources */,
				E19640152424E7BF009F50C3 /* AccountTableViewCell.xib in Resources */,
				E15325B72424ABC1004756DC /* Assets.xcassets in Resources */,
				E105ECED242A09EB001E0D02 /* LanguageListTableViewCell.xib in Resources */,
				E15325B52424ABBF004756DC /* Main.storyboard in Resources */,
				E17EDB6C24274AAC00310BC0 /* CountryTableViewCell.xib in Resources */,
				E17EDB7024274C8E00310BC0 /* LanguageTableViewCell.xib in Resources */,
			);
			runOnlyForDeploymentPostprocessing = 0;
		};
		E15325BE2424ABC1004756DC /* Resources */ = {
			isa = PBXResourcesBuildPhase;
			buildActionMask = 2147483647;
			files = (
			);
			runOnlyForDeploymentPostprocessing = 0;
		};
		E15325C92424ABC1004756DC /* Resources */ = {
			isa = PBXResourcesBuildPhase;
			buildActionMask = 2147483647;
			files = (
			);
			runOnlyForDeploymentPostprocessing = 0;
		};
/* End PBXResourcesBuildPhase section */

/* Begin PBXSourcesBuildPhase section */
		E15325A62424ABBF004756DC /* Sources */ = {
			isa = PBXSourcesBuildPhase;
			buildActionMask = 2147483647;
			files = (
				E1291D5B242548B4006112E6 /* LoginViewController.swift in Sources */,
				E15325B22424ABBF004756DC /* ViewController.swift in Sources */,
				E19640082424B0D3009F50C3 /* AccountViewController.swift in Sources */,
				E19640112424B1A2009F50C3 /* MainTabBarController.swift in Sources */,
				E1291D59242548A6006112E6 /* RegistrationViewController.swift in Sources */,
				E19640142424E7BF009F50C3 /* AccountTableViewCell.swift in Sources */,
				E105ECF0242A138C001E0D02 /* CountryListTableViewCell.swift in Sources */,
				E15325AE2424ABBF004756DC /* AppDelegate.swift in Sources */,
				E196400C2424B0F3009F50C3 /* WishlistViewController.swift in Sources */,
				E17EDB6B24274AAC00310BC0 /* CountryTableViewCell.swift in Sources */,
				E15325B02424ABBF004756DC /* SceneDelegate.swift in Sources */,
				E105ECE4242A0922001E0D02 /* CountryAndLanguageViewController.swift in Sources */,
				E196400A2424B0E5009F50C3 /* MyCartViewController.swift in Sources */,
				E196400E2424B104009F50C3 /* CategoriesViewController.swift in Sources */,
				E105ECEC242A09EB001E0D02 /* LanguageListTableViewCell.swift in Sources */,
				E19640062424B0C7009F50C3 /* HomeViewController.swift in Sources */,
				E17EDB6F24274C8E00310BC0 /* LanguageTableViewCell.swift in Sources */,
			);
			runOnlyForDeploymentPostprocessing = 0;
		};
		E15325BC2424ABC1004756DC /* Sources */ = {
			isa = PBXSourcesBuildPhase;
			buildActionMask = 2147483647;
			files = (
				E15325C52424ABC1004756DC /* ShreyanshProjectTests.swift in Sources */,
			);
			runOnlyForDeploymentPostprocessing = 0;
		};
		E15325C72424ABC1004756DC /* Sources */ = {
			isa = PBXSourcesBuildPhase;
			buildActionMask = 2147483647;
			files = (
				E15325D02424ABC1004756DC /* ShreyanshProjectUITests.swift in Sources */,
			);
			runOnlyForDeploymentPostprocessing = 0;
		};
/* End PBXSourcesBuildPhase section */

/* Begin PBXTargetDependency section */
		E15325C22424ABC1004756DC /* PBXTargetDependency */ = {
			isa = PBXTargetDependency;
			target = E15325A92424ABBF004756DC /* ShreyanshProject */;
			targetProxy = E15325C12424ABC1004756DC /* PBXContainerItemProxy */;
		};
		E15325CD2424ABC1004756DC /* PBXTargetDependency */ = {
			isa = PBXTargetDependency;
			target = E15325A92424ABBF004756DC /* ShreyanshProject */;
			targetProxy = E15325CC2424ABC1004756DC /* PBXContainerItemProxy */;
		};
/* End PBXTargetDependency section */

/* Begin PBXVariantGroup section */
		E15325B32424ABBF004756DC /* Main.storyboard */ = {
			isa = PBXVariantGroup;
			children = (
				E15325B42424ABBF004756DC /* Base */,
			);
			name = Main.storyboard;
			sourceTree = "<group>";
		};
		E15325B82424ABC1004756DC /* LaunchScreen.storyboard */ = {
			isa = PBXVariantGroup;
			children = (
				E15325B92424ABC1004756DC /* Base */,
			);
			name = LaunchScreen.storyboard;
			sourceTree = "<group>";
		};
/* End PBXVariantGroup section */

/* Begin XCBuildConfiguration section */
		E15325D22424ABC1004756DC /* Debug */ = {
			isa = XCBuildConfiguration;
			buildSettings = {
				ALWAYS_SEARCH_USER_PATHS = NO;
				CLANG_ANALYZER_NONNULL = YES;
				CLANG_ANALYZER_NUMBER_OBJECT_CONVERSION = YES_AGGRESSIVE;
				CLANG_CXX_LANGUAGE_STANDARD = "gnu++14";
				CLANG_CXX_LIBRARY = "libc++";
				CLANG_ENABLE_MODULES = YES;
				CLANG_ENABLE_OBJC_ARC = YES;
				CLANG_ENABLE_OBJC_WEAK = YES;
				CLANG_WARN_BLOCK_CAPTURE_AUTORELEASING = YES;
				CLANG_WARN_BOOL_CONVERSION = YES;
				CLANG_WARN_COMMA = YES;
				CLANG_WARN_CONSTANT_CONVERSION = YES;
				CLANG_WARN_DEPRECATED_OBJC_IMPLEMENTATIONS = YES;
				CLANG_WARN_DIRECT_OBJC_ISA_USAGE = YES_ERROR;
				CLANG_WARN_DOCUMENTATION_COMMENTS = YES;
				CLANG_WARN_EMPTY_BODY = YES;
				CLANG_WARN_ENUM_CONVERSION = YES;
				CLANG_WARN_INFINITE_RECURSION = YES;
				CLANG_WARN_INT_CONVERSION = YES;
				CLANG_WARN_NON_LITERAL_NULL_CONVERSION = YES;
				CLANG_WARN_OBJC_IMPLICIT_RETAIN_SELF = YES;
				CLANG_WARN_OBJC_LITERAL_CONVERSION = YES;
				CLANG_WARN_OBJC_ROOT_CLASS = YES_ERROR;
				CLANG_WARN_RANGE_LOOP_ANALYSIS = YES;
				CLANG_WARN_STRICT_PROTOTYPES = YES;
				CLANG_WARN_SUSPICIOUS_MOVE = YES;
				CLANG_WARN_UNGUARDED_AVAILABILITY = YES_AGGRESSIVE;
				CLANG_WARN_UNREACHABLE_CODE = YES;
				CLANG_WARN__DUPLICATE_METHOD_MATCH = YES;
				COPY_PHASE_STRIP = NO;
				DEBUG_INFORMATION_FORMAT = dwarf;
				ENABLE_STRICT_OBJC_MSGSEND = YES;
				ENABLE_TESTABILITY = YES;
				GCC_C_LANGUAGE_STANDARD = gnu11;
				GCC_DYNAMIC_NO_PIC = NO;
				GCC_NO_COMMON_BLOCKS = YES;
				GCC_OPTIMIZATION_LEVEL = 0;
				GCC_PREPROCESSOR_DEFINITIONS = (
					"DEBUG=1",
					"$(inherited)",
				);
				GCC_WARN_64_TO_32_BIT_CONVERSION = YES;
				GCC_WARN_ABOUT_RETURN_TYPE = YES_ERROR;
				GCC_WARN_UNDECLARED_SELECTOR = YES;
				GCC_WARN_UNINITIALIZED_AUTOS = YES_AGGRESSIVE;
				GCC_WARN_UNUSED_FUNCTION = YES;
				GCC_WARN_UNUSED_VARIABLE = YES;
				IPHONEOS_DEPLOYMENT_TARGET = 13.2;
				MTL_ENABLE_DEBUG_INFO = INCLUDE_SOURCE;
				MTL_FAST_MATH = YES;
				ONLY_ACTIVE_ARCH = YES;
				SDKROOT = iphoneos;
				SWIFT_ACTIVE_COMPILATION_CONDITIONS = DEBUG;
				SWIFT_OPTIMIZATION_LEVEL = "-Onone";
			};
			name = Debug;
		};
		E15325D32424ABC1004756DC /* Release */ = {
			isa = XCBuildConfiguration;
			buildSettings = {
				ALWAYS_SEARCH_USER_PATHS = NO;
				CLANG_ANALYZER_NONNULL = YES;
				CLANG_ANALYZER_NUMBER_OBJECT_CONVERSION = YES_AGGRESSIVE;
				CLANG_CXX_LANGUAGE_STANDARD = "gnu++14";
				CLANG_CXX_LIBRARY = "libc++";
				CLANG_ENABLE_MODULES = YES;
				CLANG_ENABLE_OBJC_ARC = YES;
				CLANG_ENABLE_OBJC_WEAK = YES;
				CLANG_WARN_BLOCK_CAPTURE_AUTORELEASING = YES;
				CLANG_WARN_BOOL_CONVERSION = YES;
				CLANG_WARN_COMMA = YES;
				CLANG_WARN_CONSTANT_CONVERSION = YES;
				CLANG_WARN_DEPRECATED_OBJC_IMPLEMENTATIONS = YES;
				CLANG_WARN_DIRECT_OBJC_ISA_USAGE = YES_ERROR;
				CLANG_WARN_DOCUMENTATION_COMMENTS = YES;
				CLANG_WARN_EMPTY_BODY = YES;
				CLANG_WARN_ENUM_CONVERSION = YES;
				CLANG_WARN_INFINITE_RECURSION = YES;
				CLANG_WARN_INT_CONVERSION = YES;
				CLANG_WARN_NON_LITERAL_NULL_CONVERSION = YES;
				CLANG_WARN_OBJC_IMPLICIT_RETAIN_SELF = YES;
				CLANG_WARN_OBJC_LITERAL_CONVERSION = YES;
				CLANG_WARN_OBJC_ROOT_CLASS = YES_ERROR;
				CLANG_WARN_RANGE_LOOP_ANALYSIS = YES;
				CLANG_WARN_STRICT_PROTOTYPES = YES;
				CLANG_WARN_SUSPICIOUS_MOVE = YES;
				CLANG_WARN_UNGUARDED_AVAILABILITY = YES_AGGRESSIVE;
				CLANG_WARN_UNREACHABLE_CODE = YES;
				CLANG_WARN__DUPLICATE_METHOD_MATCH = YES;
				COPY_PHASE_STRIP = NO;
				DEBUG_INFORMATION_FORMAT = "dwarf-with-dsym";
				ENABLE_NS_ASSERTIONS = NO;
				ENABLE_STRICT_OBJC_MSGSEND = YES;
				GCC_C_LANGUAGE_STANDARD = gnu11;
				GCC_NO_COMMON_BLOCKS = YES;
				GCC_WARN_64_TO_32_BIT_CONVERSION = YES;
				GCC_WARN_ABOUT_RETURN_TYPE = YES_ERROR;
				GCC_WARN_UNDECLARED_SELECTOR = YES;
				GCC_WARN_UNINITIALIZED_AUTOS = YES_AGGRESSIVE;
				GCC_WARN_UNUSED_FUNCTION = YES;
				GCC_WARN_UNUSED_VARIABLE = YES;
				IPHONEOS_DEPLOYMENT_TARGET = 13.2;
				MTL_ENABLE_DEBUG_INFO = NO;
				MTL_FAST_MATH = YES;
				SDKROOT = iphoneos;
				SWIFT_COMPILATION_MODE = wholemodule;
				SWIFT_OPTIMIZATION_LEVEL = "-O";
				VALIDATE_PRODUCT = YES;
			};
			name = Release;
		};
		E15325D52424ABC1004756DC /* Debug */ = {
			isa = XCBuildConfiguration;
			buildSettings = {
				ASSETCATALOG_COMPILER_APPICON_NAME = AppIcon;
				CODE_SIGN_STYLE = Automatic;
				INFOPLIST_FILE = ShreyanshProject/Info.plist;
				LD_RUNPATH_SEARCH_PATHS = (
					"$(inherited)",
					"@executable_path/Frameworks",
				);
				PRODUCT_BUNDLE_IDENTIFIER = com.shreyansh.ShreyanshProject;
				PRODUCT_NAME = "$(TARGET_NAME)";
				SWIFT_VERSION = 5.0;
				TARGETED_DEVICE_FAMILY = "1,2";
			};
			name = Debug;
		};
		E15325D62424ABC1004756DC /* Release */ = {
			isa = XCBuildConfiguration;
			buildSettings = {
				ASSETCATALOG_COMPILER_APPICON_NAME = AppIcon;
				CODE_SIGN_STYLE = Automatic;
				INFOPLIST_FILE = ShreyanshProject/Info.plist;
				LD_RUNPATH_SEARCH_PATHS = (
					"$(inherited)",
					"@executable_path/Frameworks",
				);
				PRODUCT_BUNDLE_IDENTIFIER = com.shreyansh.ShreyanshProject;
				PRODUCT_NAME = "$(TARGET_NAME)";
				SWIFT_VERSION = 5.0;
				TARGETED_DEVICE_FAMILY = "1,2";
			};
			name = Release;
		};
		E15325D82424ABC1004756DC /* Debug */ = {
			isa = XCBuildConfiguration;
			buildSettings = {
				ALWAYS_EMBED_SWIFT_STANDARD_LIBRARIES = YES;
				BUNDLE_LOADER = "$(TEST_HOST)";
				CODE_SIGN_STYLE = Automatic;
				INFOPLIST_FILE = ShreyanshProjectTests/Info.plist;
				IPHONEOS_DEPLOYMENT_TARGET = 13.2;
				LD_RUNPATH_SEARCH_PATHS = (
					"$(inherited)",
					"@executable_path/Frameworks",
					"@loader_path/Frameworks",
				);
				PRODUCT_BUNDLE_IDENTIFIER = com.shreyansh.ShreyanshProjectTests;
				PRODUCT_NAME = "$(TARGET_NAME)";
				SWIFT_VERSION = 5.0;
				TARGETED_DEVICE_FAMILY = "1,2";
				TEST_HOST = "$(BUILT_PRODUCTS_DIR)/ShreyanshProject.app/ShreyanshProject";
			};
			name = Debug;
		};
		E15325D92424ABC1004756DC /* Release */ = {
			isa = XCBuildConfiguration;
			buildSettings = {
				ALWAYS_EMBED_SWIFT_STANDARD_LIBRARIES = YES;
				BUNDLE_LOADER = "$(TEST_HOST)";
				CODE_SIGN_STYLE = Automatic;
				INFOPLIST_FILE = ShreyanshProjectTests/Info.plist;
				IPHONEOS_DEPLOYMENT_TARGET = 13.2;
				LD_RUNPATH_SEARCH_PATHS = (
					"$(inherited)",
					"@executable_path/Frameworks",
					"@loader_path/Frameworks",
				);
				PRODUCT_BUNDLE_IDENTIFIER = com.shreyansh.ShreyanshProjectTests;
				PRODUCT_NAME = "$(TARGET_NAME)";
				SWIFT_VERSION = 5.0;
				TARGETED_DEVICE_FAMILY = "1,2";
				TEST_HOST = "$(BUILT_PRODUCTS_DIR)/ShreyanshProject.app/ShreyanshProject";
			};
			name = Release;
		};
		E15325DB2424ABC1004756DC /* Debug */ = {
			isa = XCBuildConfiguration;
			buildSettings = {
				ALWAYS_EMBED_SWIFT_STANDARD_LIBRARIES = YES;
				CODE_SIGN_STYLE = Automatic;
				INFOPLIST_FILE = ShreyanshProjectUITests/Info.plist;
				LD_RUNPATH_SEARCH_PATHS = (
					"$(inherited)",
					"@executable_path/Frameworks",
					"@loader_path/Frameworks",
				);
				PRODUCT_BUNDLE_IDENTIFIER = com.shreyansh.ShreyanshProjectUITests;
				PRODUCT_NAME = "$(TARGET_NAME)";
				SWIFT_VERSION = 5.0;
				TARGETED_DEVICE_FAMILY = "1,2";
				TEST_TARGET_NAME = ShreyanshProject;
			};
			name = Debug;
		};
		E15325DC2424ABC1004756DC /* Release */ = {
			isa = XCBuildConfiguration;
			buildSettings = {
				ALWAYS_EMBED_SWIFT_STANDARD_LIBRARIES = YES;
				CODE_SIGN_STYLE = Automatic;
				INFOPLIST_FILE = ShreyanshProjectUITests/Info.plist;
				LD_RUNPATH_SEARCH_PATHS = (
					"$(inherited)",
					"@executable_path/Frameworks",
					"@loader_path/Frameworks",
				);
				PRODUCT_BUNDLE_IDENTIFIER = com.shreyansh.ShreyanshProjectUITests;
				PRODUCT_NAME = "$(TARGET_NAME)";
				SWIFT_VERSION = 5.0;
				TARGETED_DEVICE_FAMILY = "1,2";
				TEST_TARGET_NAME = ShreyanshProject;
			};
			name = Release;
		};
/* End XCBuildConfiguration section */

/* Begin XCConfigurationList section */
		E15325A52424ABBF004756DC /* Build configuration list for PBXProject "ShreyanshProject" */ = {
			isa = XCConfigurationList;
			buildConfigurations = (
				E15325D22424ABC1004756DC /* Debug */,
				E15325D32424ABC1004756DC /* Release */,
			);
			defaultConfigurationIsVisible = 0;
			defaultConfigurationName = Release;
		};
		E15325D42424ABC1004756DC /* Build configuration list for PBXNativeTarget "ShreyanshProject" */ = {
			isa = XCConfigurationList;
			buildConfigurations = (
				E15325D52424ABC1004756DC /* Debug */,
				E15325D62424ABC1004756DC /* Release */,
			);
			defaultConfigurationIsVisible = 0;
			defaultConfigurationName = Release;
		};
		E15325D72424ABC1004756DC /* Build configuration list for PBXNativeTarget "ShreyanshProjectTests" */ = {
			isa = XCConfigurationList;
			buildConfigurations = (
				E15325D82424ABC1004756DC /* Debug */,
				E15325D92424ABC1004756DC /* Release */,
			);
			defaultConfigurationIsVisible = 0;
			defaultConfigurationName = Release;
		};
		E15325DA2424ABC1004756DC /* Build configuration list for PBXNativeTarget "ShreyanshProjectUITests" */ = {
			isa = XCConfigurationList;
			buildConfigurations = (
				E15325DB2424ABC1004756DC /* Debug */,
				E15325DC2424ABC1004756DC /* Release */,
			);
			defaultConfigurationIsVisible = 0;
			defaultConfigurationName = Release;
		};
/* End XCConfigurationList section */
	};
	rootObject = E15325A22424ABBF004756DC /* Project object */;
}
