PODS:
  - Alamofire (5.2.0)
  - AlamofireImage (4.1.0):
    - Alamofire (~> 5.1)
  - GoogleMaps (3.8.0):
    - GoogleMaps/Maps (= 3.8.0)
  - GoogleMaps/Base (3.8.0)
  - GoogleMaps/Maps (3.8.0):
    - GoogleMaps/Base

DEPENDENCIES:
  - Alamofire (~> 5.2)
  - AlamofireImage (~> 4.1)
  - GoogleMaps

SPEC REPOS:
  trunk:
    - Alamofire
    - AlamofireImage
    - GoogleMaps

SPEC CHECKSUMS:
  Alamofire: c1ca147559e730bfb2182c8c7aafbdd90a867987
  AlamofireImage: c4a2ba349885fb3064feb74d2e547bd42ce9be10
  GoogleMaps: 7c8d66d70e4e8c300f43a7219d8fdaad7b325a9a

PODFILE CHECKSUM: 707d6decdaacd26b6a4ce07bd0acb70da1246f3d

COCOAPODS: 1.9.1
